// !$*UTF8*$!
{
	archiveVersion = 1;
	classes = {
	};
	objectVersion = 46;
	objects = {

/* Begin PBXBuildFile section */
		D94B78191938022900029423 /* GameManager.m in Sources */ = {isa = PBXBuildFile; fileRef = D94B78181938022900029423 /* GameManager.m */; };
		D96E69991927DD98001CFEBC /* Foundation.framework in Frameworks */ = {isa = PBXBuildFile; fileRef = D96E69981927DD98001CFEBC /* Foundation.framework */; };
		D96E699B1927DD98001CFEBC /* CoreGraphics.framework in Frameworks */ = {isa = PBXBuildFile; fileRef = D96E699A1927DD98001CFEBC /* CoreGraphics.framework */; };
		D96E699D1927DD98001CFEBC /* UIKit.framework in Frameworks */ = {isa = PBXBuildFile; fileRef = D96E699C1927DD98001CFEBC /* UIKit.framework */; };
		D96E69A31927DD98001CFEBC /* InfoPlist.strings in Resources */ = {isa = PBXBuildFile; fileRef = D96E69A11927DD98001CFEBC /* InfoPlist.strings */; };
		D96E69A51927DD98001CFEBC /* main.m in Sources */ = {isa = PBXBuildFile; fileRef = D96E69A41927DD98001CFEBC /* main.m */; };
		D96E69A91927DD98001CFEBC /* AppDelegate.m in Sources */ = {isa = PBXBuildFile; fileRef = D96E69A81927DD98001CFEBC /* AppDelegate.m */; };
		D96E69AC1927DD98001CFEBC /* Main.storyboard in Resources */ = {isa = PBXBuildFile; fileRef = D96E69AA1927DD98001CFEBC /* Main.storyboard */; };
		D96E69B11927DD98001CFEBC /* Images.xcassets in Resources */ = {isa = PBXBuildFile; fileRef = D96E69B01927DD98001CFEBC /* Images.xcassets */; };
		D96E69B81927DD98001CFEBC /* XCTest.framework in Frameworks */ = {isa = PBXBuildFile; fileRef = D96E69B71927DD98001CFEBC /* XCTest.framework */; };
		D96E69B91927DD98001CFEBC /* Foundation.framework in Frameworks */ = {isa = PBXBuildFile; fileRef = D96E69981927DD98001CFEBC /* Foundation.framework */; };
		D96E69BA1927DD98001CFEBC /* UIKit.framework in Frameworks */ = {isa = PBXBuildFile; fileRef = D96E699C1927DD98001CFEBC /* UIKit.framework */; };
		D96E69C21927DD98001CFEBC /* InfoPlist.strings in Resources */ = {isa = PBXBuildFile; fileRef = D96E69C01927DD98001CFEBC /* InfoPlist.strings */; };
		D96E69C41927DD98001CFEBC /* FlappyRewindTests.m in Sources */ = {isa = PBXBuildFile; fileRef = D96E69C31927DD98001CFEBC /* FlappyRewindTests.m */; };
		D96E69CF1927DE03001CFEBC /* GameViewController.m in Sources */ = {isa = PBXBuildFile; fileRef = D96E69CE1927DE03001CFEBC /* GameViewController.m */; };
		D96E69D81927E2F9001CFEBC /* mainback.png in Resources */ = {isa = PBXBuildFile; fileRef = D96E69D31927E2F9001CFEBC /* mainback.png */; };
		D96E69DE19286032001CFEBC /* objectbottom.png in Resources */ = {isa = PBXBuildFile; fileRef = D96E69DC19286032001CFEBC /* objectbottom.png */; };
		D96E69DF19286032001CFEBC /* objecttop.png in Resources */ = {isa = PBXBuildFile; fileRef = D96E69DD19286032001CFEBC /* objecttop.png */; };
		D96E69E1192868B0001CFEBC /* barobjects.png in Resources */ = {isa = PBXBuildFile; fileRef = D96E69E0192868B0001CFEBC /* barobjects.png */; };
		D96E69EA19299264001CFEBC /* normalbutton.png in Resources */ = {isa = PBXBuildFile; fileRef = D96E69E619299264001CFEBC /* normalbutton.png */; };
		D96E69EB19299264001CFEBC /* rewindbutton.png in Resources */ = {isa = PBXBuildFile; fileRef = D96E69E719299264001CFEBC /* rewindbutton.png */; };
		D96E69EC19299264001CFEBC /* startbutton.png in Resources */ = {isa = PBXBuildFile; fileRef = D96E69E819299264001CFEBC /* startbutton.png */; };
		D96E69ED19299264001CFEBC /* tryagainbutton.png in Resources */ = {isa = PBXBuildFile; fileRef = D96E69E919299264001CFEBC /* tryagainbutton.png */; };
		D96E69EF192993B5001CFEBC /* highscore.png in Resources */ = {isa = PBXBuildFile; fileRef = D96E69EE192993B5001CFEBC /* highscore.png */; };
		D96E69F2192C5537001CFEBC /* forwardbutton.png in Resources */ = {isa = PBXBuildFile; fileRef = D96E69F0192C5537001CFEBC /* forwardbutton.png */; };
		D96E69F3192C5537001CFEBC /* gameover.png in Resources */ = {isa = PBXBuildFile; fileRef = D96E69F1192C5537001CFEBC /* gameover.png */; };
		D96E69F6192C5626001CFEBC /* flappyLgDown.png in Resources */ = {isa = PBXBuildFile; fileRef = D96E69F4192C5626001CFEBC /* flappyLgDown.png */; };
		D96E69F7192C5626001CFEBC /* flappyLgUp.png in Resources */ = {isa = PBXBuildFile; fileRef = D96E69F5192C5626001CFEBC /* flappyLgUp.png */; };
		D96E69F9192C58CF001CFEBC /* backbutton.png in Resources */ = {isa = PBXBuildFile; fileRef = D96E69F8192C58CF001CFEBC /* backbutton.png */; };
		D96E69FC192D7519001CFEBC /* RewindGameViewController.m in Sources */ = {isa = PBXBuildFile; fileRef = D96E69FB192D7519001CFEBC /* RewindGameViewController.m */; };
		D96F418D193D6A310007C420 /* HighLowScoreViewController.m in Sources */ = {isa = PBXBuildFile; fileRef = D96F418C193D6A310007C420 /* HighLowScoreViewController.m */; };
		D96F4191193ED33E0007C420 /* objectbottom-sm.png in Resources */ = {isa = PBXBuildFile; fileRef = D96F4190193ED33E0007C420 /* objectbottom-sm.png */; };
		D96F4193193ED4DC0007C420 /* objecttop-sm.png in Resources */ = {isa = PBXBuildFile; fileRef = D96F4192193ED4DC0007C420 /* objecttop-sm.png */; };
		D96F4195194020C60007C420 /* gameback.png in Resources */ = {isa = PBXBuildFile; fileRef = D96F4194194020C60007C420 /* gameback.png */; };
		D9CAE9A2193234DF00FD3E78 /* RewindSettingsViewController.m in Sources */ = {isa = PBXBuildFile; fileRef = D9CAE9A1193234DF00FD3E78 /* RewindSettingsViewController.m */; };
		D9CAE9A51932352100FD3E78 /* GameSettingsViewController.m in Sources */ = {isa = PBXBuildFile; fileRef = D9CAE9A41932352100FD3E78 /* GameSettingsViewController.m */; };
/* End PBXBuildFile section */

/* Begin PBXContainerItemProxy section */
		D96E69BB1927DD98001CFEBC /* PBXContainerItemProxy */ = {
			isa = PBXContainerItemProxy;
			containerPortal = D96E698D1927DD98001CFEBC /* Project object */;
			proxyType = 1;
			remoteGlobalIDString = D96E69941927DD98001CFEBC;
			remoteInfo = FlappyRewind;
		};
/* End PBXContainerItemProxy section */

/* Begin PBXFileReference section */
		D94B78171938022900029423 /* GameManager.h */ = {isa = PBXFileReference; fileEncoding = 4; lastKnownFileType = sourcecode.c.h; name = GameManager.h; path = ../GameManager.h; sourceTree = "<group>"; };
		D94B78181938022900029423 /* GameManager.m */ = {isa = PBXFileReference; fileEncoding = 4; lastKnownFileType = sourcecode.c.objc; name = GameManager.m; path = ../GameManager.m; sourceTree = "<group>"; };
		D96E69951927DD98001CFEBC /* FlappyRewind.app */ = {isa = PBXFileReference; explicitFileType = wrapper.application; includeInIndex = 0; path = FlappyRewind.app; sourceTree = BUILT_PRODUCTS_DIR; };
		D96E69981927DD98001CFEBC /* Foundation.framework */ = {isa = PBXFileReference; lastKnownFileType = wrapper.framework; name = Foundation.framework; path = System/Library/Frameworks/Foundation.framework; sourceTree = SDKROOT; };
		D96E699A1927DD98001CFEBC /* CoreGraphics.framework */ = {isa = PBXFileReference; lastKnownFileType = wrapper.framework; name = CoreGraphics.framework; path = System/Library/Frameworks/CoreGraphics.framework; sourceTree = SDKROOT; };
		D96E699C1927DD98001CFEBC /* UIKit.framework */ = {isa = PBXFileReference; lastKnownFileType = wrapper.framework; name = UIKit.framework; path = System/Library/Frameworks/UIKit.framework; sourceTree = SDKROOT; };
		D96E69A01927DD98001CFEBC /* FlappyRewind-Info.plist */ = {isa = PBXFileReference; lastKnownFileType = text.plist.xml; path = "FlappyRewind-Info.plist"; sourceTree = "<group>"; };
		D96E69A21927DD98001CFEBC /* en */ = {isa = PBXFileReference; lastKnownFileType = text.plist.strings; name = en; path = en.lproj/InfoPlist.strings; sourceTree = "<group>"; };
		D96E69A41927DD98001CFEBC /* main.m */ = {isa = PBXFileReference; lastKnownFileType = sourcecode.c.objc; path = main.m; sourceTree = "<group>"; };
		D96E69A61927DD98001CFEBC /* FlappyRewind-Prefix.pch */ = {isa = PBXFileReference; lastKnownFileType = sourcecode.c.h; path = "FlappyRewind-Prefix.pch"; sourceTree = "<group>"; };
		D96E69A71927DD98001CFEBC /* AppDelegate.h */ = {isa = PBXFileReference; lastKnownFileType = sourcecode.c.h; path = AppDelegate.h; sourceTree = "<group>"; };
		D96E69A81927DD98001CFEBC /* AppDelegate.m */ = {isa = PBXFileReference; lastKnownFileType = sourcecode.c.objc; path = AppDelegate.m; sourceTree = "<group>"; };
		D96E69AB1927DD98001CFEBC /* Base */ = {isa = PBXFileReference; lastKnownFileType = file.storyboard; name = Base; path = Base.lproj/Main.storyboard; sourceTree = "<group>"; };
		D96E69B01927DD98001CFEBC /* Images.xcassets */ = {isa = PBXFileReference; lastKnownFileType = folder.assetcatalog; path = Images.xcassets; sourceTree = "<group>"; };
		D96E69B61927DD98001CFEBC /* FlappyRewindTests.xctest */ = {isa = PBXFileReference; explicitFileType = wrapper.cfbundle; includeInIndex = 0; path = FlappyRewindTests.xctest; sourceTree = BUILT_PRODUCTS_DIR; };
		D96E69B71927DD98001CFEBC /* XCTest.framework */ = {isa = PBXFileReference; lastKnownFileType = wrapper.framework; name = XCTest.framework; path = Library/Frameworks/XCTest.framework; sourceTree = DEVELOPER_DIR; };
		D96E69BF1927DD98001CFEBC /* FlappyRewindTests-Info.plist */ = {isa = PBXFileReference; lastKnownFileType = text.plist.xml; path = "FlappyRewindTests-Info.plist"; sourceTree = "<group>"; };
		D96E69C11927DD98001CFEBC /* en */ = {isa = PBXFileReference; lastKnownFileType = text.plist.strings; name = en; path = en.lproj/InfoPlist.strings; sourceTree = "<group>"; };
		D96E69C31927DD98001CFEBC /* FlappyRewindTests.m */ = {isa = PBXFileReference; lastKnownFileType = sourcecode.c.objc; path = FlappyRewindTests.m; sourceTree = "<group>"; };
		D96E69CD1927DE03001CFEBC /* GameViewController.h */ = {isa = PBXFileReference; fileEncoding = 4; lastKnownFileType = sourcecode.c.h; path = GameViewController.h; sourceTree = "<group>"; };
		D96E69CE1927DE03001CFEBC /* GameViewController.m */ = {isa = PBXFileReference; fileEncoding = 4; lastKnownFileType = sourcecode.c.objc; path = GameViewController.m; sourceTree = "<group>"; };
		D96E69D31927E2F9001CFEBC /* mainback.png */ = {isa = PBXFileReference; lastKnownFileType = image.png; path = mainback.png; sourceTree = "<group>"; };
		D96E69DC19286032001CFEBC /* objectbottom.png */ = {isa = PBXFileReference; lastKnownFileType = image.png; path = objectbottom.png; sourceTree = "<group>"; };
		D96E69DD19286032001CFEBC /* objecttop.png */ = {isa = PBXFileReference; lastKnownFileType = image.png; path = objecttop.png; sourceTree = "<group>"; };
		D96E69E0192868B0001CFEBC /* barobjects.png */ = {isa = PBXFileReference; lastKnownFileType = image.png; path = barobjects.png; sourceTree = "<group>"; };
		D96E69E619299264001CFEBC /* normalbutton.png */ = {isa = PBXFileReference; lastKnownFileType = image.png; path = normalbutton.png; sourceTree = "<group>"; };
		D96E69E719299264001CFEBC /* rewindbutton.png */ = {isa = PBXFileReference; lastKnownFileType = image.png; path = rewindbutton.png; sourceTree = "<group>"; };
		D96E69E819299264001CFEBC /* startbutton.png */ = {isa = PBXFileReference; lastKnownFileType = image.png; path = startbutton.png; sourceTree = "<group>"; };
		D96E69E919299264001CFEBC /* tryagainbutton.png */ = {isa = PBXFileReference; lastKnownFileType = image.png; path = tryagainbutton.png; sourceTree = "<group>"; };
		D96E69EE192993B5001CFEBC /* highscore.png */ = {isa = PBXFileReference; lastKnownFileType = image.png; path = highscore.png; sourceTree = "<group>"; };
		D96E69F0192C5537001CFEBC /* forwardbutton.png */ = {isa = PBXFileReference; lastKnownFileType = image.png; path = forwardbutton.png; sourceTree = "<group>"; };
		D96E69F1192C5537001CFEBC /* gameover.png */ = {isa = PBXFileReference; lastKnownFileType = image.png; path = gameover.png; sourceTree = "<group>"; };
		D96E69F4192C5626001CFEBC /* flappyLgDown.png */ = {isa = PBXFileReference; lastKnownFileType = image.png; path = flappyLgDown.png; sourceTree = "<group>"; };
		D96E69F5192C5626001CFEBC /* flappyLgUp.png */ = {isa = PBXFileReference; lastKnownFileType = image.png; path = flappyLgUp.png; sourceTree = "<group>"; };
		D96E69F8192C58CF001CFEBC /* backbutton.png */ = {isa = PBXFileReference; lastKnownFileType = image.png; path = backbutton.png; sourceTree = "<group>"; };
		D96E69FA192D7519001CFEBC /* RewindGameViewController.h */ = {isa = PBXFileReference; fileEncoding = 4; lastKnownFileType = sourcecode.c.h; path = RewindGameViewController.h; sourceTree = "<group>"; };
		D96E69FB192D7519001CFEBC /* RewindGameViewController.m */ = {isa = PBXFileReference; fileEncoding = 4; lastKnownFileType = sourcecode.c.objc; path = RewindGameViewController.m; sourceTree = "<group>"; };
		D96F418B193D6A310007C420 /* HighLowScoreViewController.h */ = {isa = PBXFileReference; fileEncoding = 4; lastKnownFileType = sourcecode.c.h; path = HighLowScoreViewController.h; sourceTree = "<group>"; };
		D96F418C193D6A310007C420 /* HighLowScoreViewController.m */ = {isa = PBXFileReference; fileEncoding = 4; lastKnownFileType = sourcecode.c.objc; path = HighLowScoreViewController.m; sourceTree = "<group>"; };
		D96F4190193ED33E0007C420 /* objectbottom-sm.png */ = {isa = PBXFileReference; lastKnownFileType = image.png; name = "objectbottom-sm.png"; path = "../objectbottom-sm.png"; sourceTree = "<group>"; };
		D96F4192193ED4DC0007C420 /* objecttop-sm.png */ = {isa = PBXFileReference; lastKnownFileType = image.png; path = "objecttop-sm.png"; sourceTree = "<group>"; };
		D96F4194194020C60007C420 /* gameback.png */ = {isa = PBXFileReference; lastKnownFileType = image.png; path = gameback.png; sourceTree = "<group>"; };
		D9CAE9A0193234DF00FD3E78 /* RewindSettingsViewController.h */ = {isa = PBXFileReference; fileEncoding = 4; lastKnownFileType = sourcecode.c.h; path = RewindSettingsViewController.h; sourceTree = "<group>"; };
		D9CAE9A1193234DF00FD3E78 /* RewindSettingsViewController.m */ = {isa = PBXFileReference; fileEncoding = 4; lastKnownFileType = sourcecode.c.objc; path = RewindSettingsViewController.m; sourceTree = "<group>"; };
		D9CAE9A31932352100FD3E78 /* GameSettingsViewController.h */ = {isa = PBXFileReference; fileEncoding = 4; lastKnownFileType = sourcecode.c.h; path = GameSettingsViewController.h; sourceTree = "<group>"; };
		D9CAE9A41932352100FD3E78 /* GameSettingsViewController.m */ = {isa = PBXFileReference; fileEncoding = 4; lastKnownFileType = sourcecode.c.objc; path = GameSettingsViewController.m; sourceTree = "<group>"; };
/* End PBXFileReference section */

/* Begin PBXFrameworksBuildPhase section */
		D96E69921927DD98001CFEBC /* Frameworks */ = {
			isa = PBXFrameworksBuildPhase;
			buildActionMask = 2147483647;
			files = (
				D96E699B1927DD98001CFEBC /* CoreGraphics.framework in Frameworks */,
				D96E699D1927DD98001CFEBC /* UIKit.framework in Frameworks */,
				D96E69991927DD98001CFEBC /* Foundation.framework in Frameworks */,
			);
			runOnlyForDeploymentPostprocessing = 0;
		};
		D96E69B31927DD98001CFEBC /* Frameworks */ = {
			isa = PBXFrameworksBuildPhase;
			buildActionMask = 2147483647;
			files = (
				D96E69B81927DD98001CFEBC /* XCTest.framework in Frameworks */,
				D96E69BA1927DD98001CFEBC /* UIKit.framework in Frameworks */,
				D96E69B91927DD98001CFEBC /* Foundation.framework in Frameworks */,
			);
			runOnlyForDeploymentPostprocessing = 0;
		};
/* End PBXFrameworksBuildPhase section */

/* Begin PBXGroup section */
		D96E698C1927DD98001CFEBC = {
			isa = PBXGroup;
			children = (
				D96E699E1927DD98001CFEBC /* FlappyRewind */,
				D96E69BD1927DD98001CFEBC /* FlappyRewindTests */,
				D96E69971927DD98001CFEBC /* Frameworks */,
				D96E69961927DD98001CFEBC /* Products */,
			);
			sourceTree = "<group>";
		};
		D96E69961927DD98001CFEBC /* Products */ = {
			isa = PBXGroup;
			children = (
				D96E69951927DD98001CFEBC /* FlappyRewind.app */,
				D96E69B61927DD98001CFEBC /* FlappyRewindTests.xctest */,
			);
			name = Products;
			sourceTree = "<group>";
		};
		D96E69971927DD98001CFEBC /* Frameworks */ = {
			isa = PBXGroup;
			children = (
				D96E69981927DD98001CFEBC /* Foundation.framework */,
				D96E699A1927DD98001CFEBC /* CoreGraphics.framework */,
				D96E699C1927DD98001CFEBC /* UIKit.framework */,
				D96E69B71927DD98001CFEBC /* XCTest.framework */,
			);
			name = Frameworks;
			sourceTree = "<group>";
		};
		D96E699E1927DD98001CFEBC /* FlappyRewind */ = {
			isa = PBXGroup;
			children = (
				D96E69A71927DD98001CFEBC /* AppDelegate.h */,
				D96E69A81927DD98001CFEBC /* AppDelegate.m */,
				D96E69AA1927DD98001CFEBC /* Main.storyboard */,
				D96F418B193D6A310007C420 /* HighLowScoreViewController.h */,
				D96F418C193D6A310007C420 /* HighLowScoreViewController.m */,
				D96E69FA192D7519001CFEBC /* RewindGameViewController.h */,
				D96E69FB192D7519001CFEBC /* RewindGameViewController.m */,
				D9CAE9A0193234DF00FD3E78 /* RewindSettingsViewController.h */,
				D9CAE9A1193234DF00FD3E78 /* RewindSettingsViewController.m */,
				D94B78171938022900029423 /* GameManager.h */,
				D94B78181938022900029423 /* GameManager.m */,
				D96E69CD1927DE03001CFEBC /* GameViewController.h */,
				D96E69CE1927DE03001CFEBC /* GameViewController.m */,
				D9CAE9A31932352100FD3E78 /* GameSettingsViewController.h */,
				D9CAE9A41932352100FD3E78 /* GameSettingsViewController.m */,
				D96E69B01927DD98001CFEBC /* Images.xcassets */,
				D96E699F1927DD98001CFEBC /* Supporting Files */,
			);
			path = FlappyRewind;
			sourceTree = "<group>";
		};
		D96E699F1927DD98001CFEBC /* Supporting Files */ = {
			isa = PBXGroup;
			children = (
				D96F4194194020C60007C420 /* gameback.png */,
				D96E69F8192C58CF001CFEBC /* backbutton.png */,
				D96E69F5192C5626001CFEBC /* flappyLgUp.png */,
				D96E69F4192C5626001CFEBC /* flappyLgDown.png */,
				D96E69F1192C5537001CFEBC /* gameover.png */,
				D96E69F0192C5537001CFEBC /* forwardbutton.png */,
				D96E69EE192993B5001CFEBC /* highscore.png */,
				D96E69E619299264001CFEBC /* normalbutton.png */,
				D96E69E719299264001CFEBC /* rewindbutton.png */,
				D96E69E819299264001CFEBC /* startbutton.png */,
				D96E69E919299264001CFEBC /* tryagainbutton.png */,
				D96E69E0192868B0001CFEBC /* barobjects.png */,
				D96E69DC19286032001CFEBC /* objectbottom.png */,
				D96F4190193ED33E0007C420 /* objectbottom-sm.png */,
				D96E69DD19286032001CFEBC /* objecttop.png */,
				D96F4192193ED4DC0007C420 /* objecttop-sm.png */,
				D96E69D31927E2F9001CFEBC /* mainback.png */,
				D96E69A01927DD98001CFEBC /* FlappyRewind-Info.plist */,
				D96E69A11927DD98001CFEBC /* InfoPlist.strings */,
				D96E69A41927DD98001CFEBC /* main.m */,
				D96E69A61927DD98001CFEBC /* FlappyRewind-Prefix.pch */,
			);
			name = "Supporting Files";
			sourceTree = "<group>";
		};
		D96E69BD1927DD98001CFEBC /* FlappyRewindTests */ = {
			isa = PBXGroup;
			children = (
				D96E69C31927DD98001CFEBC /* FlappyRewindTests.m */,
				D96E69BE1927DD98001CFEBC /* Supporting Files */,
			);
			path = FlappyRewindTests;
			sourceTree = "<group>";
		};
		D96E69BE1927DD98001CFEBC /* Supporting Files */ = {
			isa = PBXGroup;
			children = (
				D96E69BF1927DD98001CFEBC /* FlappyRewindTests-Info.plist */,
				D96E69C01927DD98001CFEBC /* InfoPlist.strings */,
			);
			name = "Supporting Files";
			sourceTree = "<group>";
		};
/* End PBXGroup section */

/* Begin PBXNativeTarget section */
		D96E69941927DD98001CFEBC /* FlappyRewind */ = {
			isa = PBXNativeTarget;
			buildConfigurationList = D96E69C71927DD98001CFEBC /* Build configuration list for PBXNativeTarget "FlappyRewind" */;
			buildPhases = (
				D96E69911927DD98001CFEBC /* Sources */,
				D96E69921927DD98001CFEBC /* Frameworks */,
				D96E69931927DD98001CFEBC /* Resources */,
			);
			buildRules = (
			);
			dependencies = (
			);
			name = FlappyRewind;
			productName = FlappyRewind;
			productReference = D96E69951927DD98001CFEBC /* FlappyRewind.app */;
			productType = "com.apple.product-type.application";
		};
		D96E69B51927DD98001CFEBC /* FlappyRewindTests */ = {
			isa = PBXNativeTarget;
			buildConfigurationList = D96E69CA1927DD98001CFEBC /* Build configuration list for PBXNativeTarget "FlappyRewindTests" */;
			buildPhases = (
				D96E69B21927DD98001CFEBC /* Sources */,
				D96E69B31927DD98001CFEBC /* Frameworks */,
				D96E69B41927DD98001CFEBC /* Resources */,
			);
			buildRules = (
			);
			dependencies = (
				D96E69BC1927DD98001CFEBC /* PBXTargetDependency */,
			);
			name = FlappyRewindTests;
			productName = FlappyRewindTests;
			productReference = D96E69B61927DD98001CFEBC /* FlappyRewindTests.xctest */;
			productType = "com.apple.product-type.bundle.unit-test";
		};
/* End PBXNativeTarget section */

/* Begin PBXProject section */
		D96E698D1927DD98001CFEBC /* Project object */ = {
			isa = PBXProject;
			attributes = {
				LastUpgradeCheck = 0510;
				ORGANIZATIONNAME = dougdykstra;
				TargetAttributes = {
					D96E69B51927DD98001CFEBC = {
						TestTargetID = D96E69941927DD98001CFEBC;
					};
				};
			};
			buildConfigurationList = D96E69901927DD98001CFEBC /* Build configuration list for PBXProject "FlappyRewind" */;
			compatibilityVersion = "Xcode 3.2";
			developmentRegion = English;
			hasScannedForEncodings = 0;
			knownRegions = (
				en,
				Base,
			);
			mainGroup = D96E698C1927DD98001CFEBC;
			productRefGroup = D96E69961927DD98001CFEBC /* Products */;
			projectDirPath = "";
			projectRoot = "";
			targets = (
				D96E69941927DD98001CFEBC /* FlappyRewind */,
				D96E69B51927DD98001CFEBC /* FlappyRewindTests */,
			);
		};
/* End PBXProject section */

/* Begin PBXResourcesBuildPhase section */
		D96E69931927DD98001CFEBC /* Resources */ = {
			isa = PBXResourcesBuildPhase;
			buildActionMask = 2147483647;
			files = (
				D96E69EB19299264001CFEBC /* rewindbutton.png in Resources */,
				D96E69D81927E2F9001CFEBC /* mainback.png in Resources */,
				D96E69F7192C5626001CFEBC /* flappyLgUp.png in Resources */,
				D96E69B11927DD98001CFEBC /* Images.xcassets in Resources */,
				D96E69F2192C5537001CFEBC /* forwardbutton.png in Resources */,
				D96E69F9192C58CF001CFEBC /* backbutton.png in Resources */,
				D96E69F6192C5626001CFEBC /* flappyLgDown.png in Resources */,
				D96E69EA19299264001CFEBC /* normalbutton.png in Resources */,
				D96E69EC19299264001CFEBC /* startbutton.png in Resources */,
				D96F4193193ED4DC0007C420 /* objecttop-sm.png in Resources */,
				D96F4195194020C60007C420 /* gameback.png in Resources */,
				D96E69E1192868B0001CFEBC /* barobjects.png in Resources */,
				D96E69A31927DD98001CFEBC /* InfoPlist.strings in Resources */,
				D96E69DE19286032001CFEBC /* objectbottom.png in Resources */,
				D96E69ED19299264001CFEBC /* tryagainbutton.png in Resources */,
				D96E69F3192C5537001CFEBC /* gameover.png in Resources */,
				D96F4191193ED33E0007C420 /* objectbottom-sm.png in Resources */,
				D96E69EF192993B5001CFEBC /* highscore.png in Resources */,
				D96E69DF19286032001CFEBC /* objecttop.png in Resources */,
				D96E69AC1927DD98001CFEBC /* Main.storyboard in Resources */,
			);
			runOnlyForDeploymentPostprocessing = 0;
		};
		D96E69B41927DD98001CFEBC /* Resources */ = {
			isa = PBXResourcesBuildPhase;
			buildActionMask = 2147483647;
			files = (
				D96E69C21927DD98001CFEBC /* InfoPlist.strings in Resources */,
			);
			runOnlyForDeploymentPostprocessing = 0;
		};
/* End PBXResourcesBuildPhase section */

/* Begin PBXSourcesBuildPhase section */
		D96E69911927DD98001CFEBC /* Sources */ = {
			isa = PBXSourcesBuildPhase;
			buildActionMask = 2147483647;
			files = (
				D96E69CF1927DE03001CFEBC /* GameViewController.m in Sources */,
				D96F418D193D6A310007C420 /* HighLowScoreViewController.m in Sources */,
				D9CAE9A51932352100FD3E78 /* GameSettingsViewController.m in Sources */,
				D9CAE9A2193234DF00FD3E78 /* RewindSettingsViewController.m in Sources */,
				D96E69A91927DD98001CFEBC /* AppDelegate.m in Sources */,
				D94B78191938022900029423 /* GameManager.m in Sources */,
				D96E69FC192D7519001CFEBC /* RewindGameViewController.m in Sources */,
				D96E69A51927DD98001CFEBC /* main.m in Sources */,
			);
			runOnlyForDeploymentPostprocessing = 0;
		};
		D96E69B21927DD98001CFEBC /* Sources */ = {
			isa = PBXSourcesBuildPhase;
			buildActionMask = 2147483647;
			files = (
				D96E69C41927DD98001CFEBC /* FlappyRewindTests.m in Sources */,
			);
			runOnlyForDeploymentPostprocessing = 0;
		};
/* End PBXSourcesBuildPhase section */

/* Begin PBXTargetDependency section */
		D96E69BC1927DD98001CFEBC /* PBXTargetDependency */ = {
			isa = PBXTargetDependency;
			target = D96E69941927DD98001CFEBC /* FlappyRewind */;
			targetProxy = D96E69BB1927DD98001CFEBC /* PBXContainerItemProxy */;
		};
/* End PBXTargetDependency section */

/* Begin PBXVariantGroup section */
		D96E69A11927DD98001CFEBC /* InfoPlist.strings */ = {
			isa = PBXVariantGroup;
			children = (
				D96E69A21927DD98001CFEBC /* en */,
			);
			name = InfoPlist.strings;
			sourceTree = "<group>";
		};
		D96E69AA1927DD98001CFEBC /* Main.storyboard */ = {
			isa = PBXVariantGroup;
			children = (
				D96E69AB1927DD98001CFEBC /* Base */,
			);
			name = Main.storyboard;
			sourceTree = "<group>";
		};
		D96E69C01927DD98001CFEBC /* InfoPlist.strings */ = {
			isa = PBXVariantGroup;
			children = (
				D96E69C11927DD98001CFEBC /* en */,
			);
			name = InfoPlist.strings;
			sourceTree = "<group>";
		};
/* End PBXVariantGroup section */

/* Begin XCBuildConfiguration section */
		D96E69C51927DD98001CFEBC /* Debug */ = {
			isa = XCBuildConfiguration;
			buildSettings = {
				ALWAYS_SEARCH_USER_PATHS = NO;
				CLANG_CXX_LANGUAGE_STANDARD = "gnu++0x";
				CLANG_CXX_LIBRARY = "libc++";
				CLANG_ENABLE_MODULES = YES;
				CLANG_ENABLE_OBJC_ARC = YES;
				CLANG_WARN_BOOL_CONVERSION = YES;
				CLANG_WARN_CONSTANT_CONVERSION = YES;
				CLANG_WARN_DIRECT_OBJC_ISA_USAGE = YES_ERROR;
				CLANG_WARN_EMPTY_BODY = YES;
				CLANG_WARN_ENUM_CONVERSION = YES;
				CLANG_WARN_INT_CONVERSION = YES;
				CLANG_WARN_OBJC_ROOT_CLASS = YES_ERROR;
				CLANG_WARN__DUPLICATE_METHOD_MATCH = YES;
				"CODE_SIGN_IDENTITY[sdk=iphoneos*]" = "iPhone Developer";
				COPY_PHASE_STRIP = NO;
				GCC_C_LANGUAGE_STANDARD = gnu99;
				GCC_DYNAMIC_NO_PIC = NO;
				GCC_OPTIMIZATION_LEVEL = 0;
				GCC_PREPROCESSOR_DEFINITIONS = (
					"DEBUG=1",
					"$(inherited)",
				);
				GCC_SYMBOLS_PRIVATE_EXTERN = NO;
				GCC_WARN_64_TO_32_BIT_CONVERSION = YES;
				GCC_WARN_ABOUT_RETURN_TYPE = YES_ERROR;
				GCC_WARN_UNDECLARED_SELECTOR = YES;
				GCC_WARN_UNINITIALIZED_AUTOS = YES_AGGRESSIVE;
				GCC_WARN_UNUSED_FUNCTION = YES;
				GCC_WARN_UNUSED_VARIABLE = YES;
				IPHONEOS_DEPLOYMENT_TARGET = 7.1;
				ONLY_ACTIVE_ARCH = YES;
				SDKROOT = iphoneos;
			};
			name = Debug;
		};
		D96E69C61927DD98001CFEBC /* Release */ = {
			isa = XCBuildConfiguration;
			buildSettings = {
				ALWAYS_SEARCH_USER_PATHS = NO;
				CLANG_CXX_LANGUAGE_STANDARD = "gnu++0x";
				CLANG_CXX_LIBRARY = "libc++";
				CLANG_ENABLE_MODULES = YES;
				CLANG_ENABLE_OBJC_ARC = YES;
				CLANG_WARN_BOOL_CONVERSION = YES;
				CLANG_WARN_CONSTANT_CONVERSION = YES;
				CLANG_WARN_DIRECT_OBJC_ISA_USAGE = YES_ERROR;
				CLANG_WARN_EMPTY_BODY = YES;
				CLANG_WARN_ENUM_CONVERSION = YES;
				CLANG_WARN_INT_CONVERSION = YES;
				CLANG_WARN_OBJC_ROOT_CLASS = YES_ERROR;
				CLANG_WARN__DUPLICATE_METHOD_MATCH = YES;
				"CODE_SIGN_IDENTITY[sdk=iphoneos*]" = "iPhone Developer";
				COPY_PHASE_STRIP = YES;
				ENABLE_NS_ASSERTIONS = NO;
				GCC_C_LANGUAGE_STANDARD = gnu99;
				GCC_WARN_64_TO_32_BIT_CONVERSION = YES;
				GCC_WARN_ABOUT_RETURN_TYPE = YES_ERROR;
				GCC_WARN_UNDECLARED_SELECTOR = YES;
				GCC_WARN_UNINITIALIZED_AUTOS = YES_AGGRESSIVE;
				GCC_WARN_UNUSED_FUNCTION = YES;
				GCC_WARN_UNUSED_VARIABLE = YES;
				IPHONEOS_DEPLOYMENT_TARGET = 7.1;
				SDKROOT = iphoneos;
				VALIDATE_PRODUCT = YES;
			};
			name = Release;
		};
		D96E69C81927DD98001CFEBC /* Debug */ = {
			isa = XCBuildConfiguration;
			buildSettings = {
				ASSETCATALOG_COMPILER_APPICON_NAME = AppIcon;
				ASSETCATALOG_COMPILER_LAUNCHIMAGE_NAME = LaunchImage;
				GCC_PRECOMPILE_PREFIX_HEADER = YES;
				GCC_PREFIX_HEADER = "FlappyRewind/FlappyRewind-Prefix.pch";
				INFOPLIST_FILE = "FlappyRewind/FlappyRewind-Info.plist";
				PRODUCT_NAME = "$(TARGET_NAME)";
				WRAPPER_EXTENSION = app;
			};
			name = Debug;
		};
		D96E69C91927DD98001CFEBC /* Release */ = {
			isa = XCBuildConfiguration;
			buildSettings = {
				ASSETCATALOG_COMPILER_APPICON_NAME = AppIcon;
				ASSETCATALOG_COMPILER_LAUNCHIMAGE_NAME = LaunchImage;
				GCC_PRECOMPILE_PREFIX_HEADER = YES;
				GCC_PREFIX_HEADER = "FlappyRewind/FlappyRewind-Prefix.pch";
				INFOPLIST_FILE = "FlappyRewind/FlappyRewind-Info.plist";
				PRODUCT_NAME = "$(TARGET_NAME)";
				WRAPPER_EXTENSION = app;
			};
			name = Release;
		};
		D96E69CB1927DD98001CFEBC /* Debug */ = {
			isa = XCBuildConfiguration;
			buildSettings = {
				BUNDLE_LOADER = "$(BUILT_PRODUCTS_DIR)/FlappyRewind.app/FlappyRewind";
				FRAMEWORK_SEARCH_PATHS = (
					"$(SDKROOT)/Developer/Library/Frameworks",
					"$(inherited)",
					"$(DEVELOPER_FRAMEWORKS_DIR)",
				);
				GCC_PRECOMPILE_PREFIX_HEADER = YES;
				GCC_PREFIX_HEADER = "FlappyRewind/FlappyRewind-Prefix.pch";
				GCC_PREPROCESSOR_DEFINITIONS = (
					"DEBUG=1",
					"$(inherited)",
				);
				INFOPLIST_FILE = "FlappyRewindTests/FlappyRewindTests-Info.plist";
				PRODUCT_NAME = "$(TARGET_NAME)";
				TEST_HOST = "$(BUNDLE_LOADER)";
				WRAPPER_EXTENSION = xctest;
			};
			name = Debug;
		};
		D96E69CC1927DD98001CFEBC /* Release */ = {
			isa = XCBuildConfiguration;
			buildSettings = {
				BUNDLE_LOADER = "$(BUILT_PRODUCTS_DIR)/FlappyRewind.app/FlappyRewind";
				FRAMEWORK_SEARCH_PATHS = (
					"$(SDKROOT)/Developer/Library/Frameworks",
					"$(inherited)",
					"$(DEVELOPER_FRAMEWORKS_DIR)",
				);
				GCC_PRECOMPILE_PREFIX_HEADER = YES;
				GCC_PREFIX_HEADER = "FlappyRewind/FlappyRewind-Prefix.pch";
				INFOPLIST_FILE = "FlappyRewindTests/FlappyRewindTests-Info.plist";
				PRODUCT_NAME = "$(TARGET_NAME)";
				TEST_HOST = "$(BUNDLE_LOADER)";
				WRAPPER_EXTENSION = xctest;
			};
			name = Release;
		};
/* End XCBuildConfiguration section */

/* Begin XCConfigurationList section */
		D96E69901927DD98001CFEBC /* Build configuration list for PBXProject "FlappyRewind" */ = {
			isa = XCConfigurationList;
			buildConfigurations = (
				D96E69C51927DD98001CFEBC /* Debug */,
				D96E69C61927DD98001CFEBC /* Release */,
			);
			defaultConfigurationIsVisible = 0;
			defaultConfigurationName = Release;
		};
		D96E69C71927DD98001CFEBC /* Build configuration list for PBXNativeTarget "FlappyRewind" */ = {
			isa = XCConfigurationList;
			buildConfigurations = (
				D96E69C81927DD98001CFEBC /* Debug */,
				D96E69C91927DD98001CFEBC /* Release */,
			);
			defaultConfigurationIsVisible = 0;
			defaultConfigurationName = Release;
		};
		D96E69CA1927DD98001CFEBC /* Build configuration list for PBXNativeTarget "FlappyRewindTests" */ = {
			isa = XCConfigurationList;
			buildConfigurations = (
				D96E69CB1927DD98001CFEBC /* Debug */,
				D96E69CC1927DD98001CFEBC /* Release */,
			);
			defaultConfigurationIsVisible = 0;
			defaultConfigurationName = Release;
		};
/* End XCConfigurationList section */
	};
	rootObject = D96E698D1927DD98001CFEBC /* Project object */;
}
