// !$*UTF8*$!
{
	archiveVersion = 1;
	classes = {
	};
	objectVersion = 46;
	objects = {

/* Begin PBXBuildFile section */
		D92AB9BA194FC06A008513F7 /* launchscreen640x1136.png in Resources */ = {isa = PBXBuildFile; fileRef = D92AB9B9194FC06A008513F7 /* launchscreen640x1136.png */; };
		D92AB9BC194FC0A2008513F7 /* rewindscore.png in Resources */ = {isa = PBXBuildFile; fileRef = D92AB9BB194FC0A2008513F7 /* rewindscore.png */; };
		D94B78191938022900029423 /* GameManager.m in Sources */ = {isa = PBXBuildFile; fileRef = D94B78181938022900029423 /* GameManager.m */; };
		D96E69991927DD98001CFEBC /* Foundation.framework in Frameworks */ = {isa = PBXBuildFile; fileRef = D96E69981927DD98001CFEBC /* Foundation.framework */; };
		D96E699B1927DD98001CFEBC /* CoreGraphics.framework in Frameworks */ = {isa = PBXBuildFile; fileRef = D96E699A1927DD98001CFEBC /* CoreGraphics.framework */; };
		D96E699D1927DD98001CFEBC /* UIKit.framework in Frameworks */ = {isa = PBXBuildFile; fileRef = D96E699C1927DD98001CFEBC /* UIKit.framework */; };
		D96E69A31927DD98001CFEBC /* InfoPlist.strings in Resources */ = {isa = PBXBuildFile; fileRef = D96E69A11927DD98001CFEBC /* InfoPlist.strings */; };
		D96E69A51927DD98001CFEBC /* main.m in Sources */ = {isa = PBXBuildFile; fileRef = D96E69A41927DD98001CFEBC /* main.m */; };
		D96E69A91927DD98001CFEBC /* AppDelegate.m in Sources */ = {isa = PBXBuildFile; fileRef = D96E69A81927DD98001CFEBC /* AppDelegate.m */; };
		D96E69AC1927DD98001CFEBC /* Main.storyboard in Resources */ = {isa = PBXBuildFile; fileRef = D96E69AA1927DD98001CFEBC /* Main.storyboard */; };
		D96E69B11927DD98001CFEBC /* Images.xcassets in Resources */ = {isa = PBXBuildFile; fileRef = D96E69B01927DD98001CFEBC /* Images.xcassets */; };
		D96E69B81927DD98001CFEBC /* XCTest.framework in Frameworks */ = {isa = PBXBuildFile; fileRef = D96E69B71927DD98001CFEBC /* XCTest.framework */; };
		D96E69B91927DD98001CFEBC /* Foundation.framework in Frameworks */ = {isa = PBXBuildFile; fileRef = D96E69981927DD98001CFEBC /* Foundation.framework */; };
		D96E69BA1927DD98001CFEBC /* UIKit.framework in Frameworks */ = {isa = PBXBuildFile; fileRef = D96E699C1927DD98001CFEBC /* UIKit.framework */; };
		D96E69C21927DD98001CFEBC /* InfoPlist.strings in Resources */ = {isa = PBXBuildFile; fileRef = D96E69C01927DD98001CFEBC /* InfoPlist.strings */; };
		D96E69C41927DD98001CFEBC /* FlappyRewindTests.m in Sources */ = {isa = PBXBuildFile; fileRef = D96E69C31927DD98001CFEBC /* FlappyRewindTests.m */; };
		D96E69CF1927DE03001CFEBC /* GameViewController.m in Sources */ = {isa = PBXBuildFile; fileRef = D96E69CE1927DE03001CFEBC /* GameViewController.m */; };
		D96E69D81927E2F9001CFEBC /* mainback.png in Resources */ = {isa = PBXBuildFile; fileRef = D96E69D31927E2F9001CFEBC /* mainback.png */; };
		D96E69E1192868B0001CFEBC /* barobjects.png in Resources */ = {isa = PBXBuildFile; fileRef = D96E69E0192868B0001CFEBC /* barobjects.png */; };
		D96E69EF192993B5001CFEBC /* highscore.png in Resources */ = {isa = PBXBuildFile; fileRef = D96E69EE192993B5001CFEBC /* highscore.png */; };
		D96E69F3192C5537001CFEBC /* gameover.png in Resources */ = {isa = PBXBuildFile; fileRef = D96E69F1192C5537001CFEBC /* gameover.png */; };
		D96E69FC192D7519001CFEBC /* RewindGameViewController.m in Sources */ = {isa = PBXBuildFile; fileRef = D96E69FB192D7519001CFEBC /* RewindGameViewController.m */; };
		D96F418D193D6A310007C420 /* HomeViewController.m in Sources */ = {isa = PBXBuildFile; fileRef = D96F418C193D6A310007C420 /* HomeViewController.m */; };
		D96F4195194020C60007C420 /* gameback.png in Resources */ = {isa = PBXBuildFile; fileRef = D96F4194194020C60007C420 /* gameback.png */; };
		D96F41971941729C0007C420 /* lowscore.png in Resources */ = {isa = PBXBuildFile; fileRef = D96F41961941729C0007C420 /* lowscore.png */; };
		D96F41A1194173D80007C420 /* difficulty.png in Resources */ = {isa = PBXBuildFile; fileRef = D96F4198194173D80007C420 /* difficulty.png */; };
		D96F41A6194173D80007C420 /* invertgravitylabel.png in Resources */ = {isa = PBXBuildFile; fileRef = D96F419D194173D80007C420 /* invertgravitylabel.png */; };
		D96F41A8194173D80007C420 /* settingsback.png in Resources */ = {isa = PBXBuildFile; fileRef = D96F419F194173D80007C420 /* settingsback.png */; };
		D96F41A9194173D80007C420 /* settingsbutton.png in Resources */ = {isa = PBXBuildFile; fileRef = D96F41A0194173D80007C420 /* settingsbutton.png */; };
		D96F41B01942A5550007C420 /* easy-greenbutton.png in Resources */ = {isa = PBXBuildFile; fileRef = D96F41AA1942A5550007C420 /* easy-greenbutton.png */; };
		D96F41B11942A5550007C420 /* easy-yellowbutton.png in Resources */ = {isa = PBXBuildFile; fileRef = D96F41AB1942A5550007C420 /* easy-yellowbutton.png */; };
		D96F41B21942A5550007C420 /* hard-greenbutton.png in Resources */ = {isa = PBXBuildFile; fileRef = D96F41AC1942A5550007C420 /* hard-greenbutton.png */; };
		D96F41B31942A5550007C420 /* hard-yellowbutton.png in Resources */ = {isa = PBXBuildFile; fileRef = D96F41AD1942A5550007C420 /* hard-yellowbutton.png */; };
		D96F41B41942A5550007C420 /* medium-greenbutton.png in Resources */ = {isa = PBXBuildFile; fileRef = D96F41AE1942A5550007C420 /* medium-greenbutton.png */; };
		D96F41B51942A5550007C420 /* medium-yellowbutton.png in Resources */ = {isa = PBXBuildFile; fileRef = D96F41AF1942A5550007C420 /* medium-yellowbutton.png */; };
		D96F41B71942A6A30007C420 /* homebutton.png in Resources */ = {isa = PBXBuildFile; fileRef = D96F41B61942A6A30007C420 /* homebutton.png */; };
		D96F41BA1942A8850007C420 /* forwardbutton.png in Resources */ = {isa = PBXBuildFile; fileRef = D96F41B81942A8850007C420 /* forwardbutton.png */; };
		D96F41BB1942A8850007C420 /* rewindbutton.png in Resources */ = {isa = PBXBuildFile; fileRef = D96F41B91942A8850007C420 /* rewindbutton.png */; };
		D96F41BD1942A8F20007C420 /* retrybutton.png in Resources */ = {isa = PBXBuildFile; fileRef = D96F41BC1942A8F20007C420 /* retrybutton.png */; };
		D96F41BF1942A9CA0007C420 /* startbutton.png in Resources */ = {isa = PBXBuildFile; fileRef = D96F41BE1942A9CA0007C420 /* startbutton.png */; };
		D96F41C11942AEA10007C420 /* homebutton1.png in Resources */ = {isa = PBXBuildFile; fileRef = D96F41C01942AEA10007C420 /* homebutton1.png */; };
		D9CAE9A2193234DF00FD3E78 /* RewindSettingsViewController.m in Sources */ = {isa = PBXBuildFile; fileRef = D9CAE9A1193234DF00FD3E78 /* RewindSettingsViewController.m */; };
		D9CAE9A51932352100FD3E78 /* GameSettingsViewController.m in Sources */ = {isa = PBXBuildFile; fileRef = D9CAE9A41932352100FD3E78 /* GameSettingsViewController.m */; };
		D9FBF3B51942CDE900B36CCB /* objectgreenbottom.png in Resources */ = {isa = PBXBuildFile; fileRef = D9FBF3AD1942CDE900B36CCB /* objectgreenbottom.png */; };
		D9FBF3B61942CDE900B36CCB /* objectgreenbottom1.png in Resources */ = {isa = PBXBuildFile; fileRef = D9FBF3AE1942CDE900B36CCB /* objectgreenbottom1.png */; };
		D9FBF3B71942CDE900B36CCB /* objectgreentop.png in Resources */ = {isa = PBXBuildFile; fileRef = D9FBF3AF1942CDE900B36CCB /* objectgreentop.png */; };
		D9FBF3B81942CDE900B36CCB /* objectgreentop1.png in Resources */ = {isa = PBXBuildFile; fileRef = D9FBF3B01942CDE900B36CCB /* objectgreentop1.png */; };
		D9FBF3B91942CDE900B36CCB /* objectyellowbottom.png in Resources */ = {isa = PBXBuildFile; fileRef = D9FBF3B11942CDE900B36CCB /* objectyellowbottom.png */; };
		D9FBF3BA1942CDE900B36CCB /* objectyellowbottom1.png in Resources */ = {isa = PBXBuildFile; fileRef = D9FBF3B21942CDE900B36CCB /* objectyellowbottom1.png */; };
		D9FBF3BB1942CDE900B36CCB /* objectyellowtop.png in Resources */ = {isa = PBXBuildFile; fileRef = D9FBF3B31942CDE900B36CCB /* objectyellowtop.png */; };
		D9FBF3BC1942CDE900B36CCB /* objectyellowtop1.png in Resources */ = {isa = PBXBuildFile; fileRef = D9FBF3B41942CDE900B36CCB /* objectyellowtop1.png */; };
		D9FBF3C31943EB9D00B36CCB /* easy-greenscore.png in Resources */ = {isa = PBXBuildFile; fileRef = D9FBF3BD1943EB9D00B36CCB /* easy-greenscore.png */; };
		D9FBF3C41943EB9D00B36CCB /* easy-yellowscore.png in Resources */ = {isa = PBXBuildFile; fileRef = D9FBF3BE1943EB9D00B36CCB /* easy-yellowscore.png */; };
		D9FBF3C51943EB9D00B36CCB /* hard-greenscore.png in Resources */ = {isa = PBXBuildFile; fileRef = D9FBF3BF1943EB9D00B36CCB /* hard-greenscore.png */; };
		D9FBF3C61943EB9D00B36CCB /* hard-yellowscore.png in Resources */ = {isa = PBXBuildFile; fileRef = D9FBF3C01943EB9D00B36CCB /* hard-yellowscore.png */; };
		D9FBF3C71943EB9D00B36CCB /* medium-greenscore.png in Resources */ = {isa = PBXBuildFile; fileRef = D9FBF3C11943EB9D00B36CCB /* medium-greenscore.png */; };
		D9FBF3C81943EB9D00B36CCB /* medium-yellowscore.png in Resources */ = {isa = PBXBuildFile; fileRef = D9FBF3C21943EB9D00B36CCB /* medium-yellowscore.png */; };
		D9FBF3CB1944089E00B36CCB /* flappyLargeDown.png in Resources */ = {isa = PBXBuildFile; fileRef = D9FBF3C91944089E00B36CCB /* flappyLargeDown.png */; };
		D9FBF3CC1944089E00B36CCB /* flappyLargeUp.png in Resources */ = {isa = PBXBuildFile; fileRef = D9FBF3CA1944089E00B36CCB /* flappyLargeUp.png */; };
		D9FBF3CF1945368500B36CCB /* flappyLargeLeftDown.png in Resources */ = {isa = PBXBuildFile; fileRef = D9FBF3CD1945368500B36CCB /* flappyLargeLeftDown.png */; };
		D9FBF3D01945368500B36CCB /* flappyLargeLeftUp.png in Resources */ = {isa = PBXBuildFile; fileRef = D9FBF3CE1945368500B36CCB /* flappyLargeLeftUp.png */; };
		D9FBF3D21945521400B36CCB /* magneticfloorlabel.png in Resources */ = {isa = PBXBuildFile; fileRef = D9FBF3D11945521400B36CCB /* magneticfloorlabel.png */; };
		D9FBF3D419455C3B00B36CCB /* scoreborder.png in Resources */ = {isa = PBXBuildFile; fileRef = D9FBF3D319455C3B00B36CCB /* scoreborder.png */; };
		D9FBF3D61946923000B36CCB /* iAd.framework in Frameworks */ = {isa = PBXBuildFile; fileRef = D9FBF3D51946923000B36CCB /* iAd.framework */; };
		D9FBF3E61949645900B36CCB /* AVFoundation.framework in Frameworks */ = {isa = PBXBuildFile; fileRef = D9FBF3E51949645900B36CCB /* AVFoundation.framework */; };
		D9FBF3E81949658E00B36CCB /* flappyRewind.wav in Resources */ = {isa = PBXBuildFile; fileRef = D9FBF3E71949658E00B36CCB /* flappyRewind.wav */; };
		D9FBF3F3194D211600B36CCB /* increasespeedlabel.png in Resources */ = {isa = PBXBuildFile; fileRef = D9FBF3F2194D211600B36CCB /* increasespeedlabel.png */; };
		D9FBF3F5194D213100B36CCB /* fastbirdylabel.png in Resources */ = {isa = PBXBuildFile; fileRef = D9FBF3F4194D213100B36CCB /* fastbirdylabel.png */; };
		D9FBF3F7194D214500B36CCB /* forwardscore.png in Resources */ = {isa = PBXBuildFile; fileRef = D9FBF3F6194D214500B36CCB /* forwardscore.png */; };
/* End PBXBuildFile section */

/* Begin PBXContainerItemProxy section */
		D96E69BB1927DD98001CFEBC /* PBXContainerItemProxy */ = {
			isa = PBXContainerItemProxy;
			containerPortal = D96E698D1927DD98001CFEBC /* Project object */;
			proxyType = 1;
			remoteGlobalIDString = D96E69941927DD98001CFEBC;
			remoteInfo = FlappyRewind;
		};
/* End PBXContainerItemProxy section */

/* Begin PBXFileReference section */
		D92AB9B9194FC06A008513F7 /* launchscreen640x1136.png */ = {isa = PBXFileReference; lastKnownFileType = image.png; path = launchscreen640x1136.png; sourceTree = "<group>"; };
		D92AB9BB194FC0A2008513F7 /* rewindscore.png */ = {isa = PBXFileReference; lastKnownFileType = image.png; path = rewindscore.png; sourceTree = "<group>"; };
		D94B78171938022900029423 /* GameManager.h */ = {isa = PBXFileReference; fileEncoding = 4; lastKnownFileType = sourcecode.c.h; name = GameManager.h; path = ../GameManager.h; sourceTree = "<group>"; };
		D94B78181938022900029423 /* GameManager.m */ = {isa = PBXFileReference; fileEncoding = 4; lastKnownFileType = sourcecode.c.objc; name = GameManager.m; path = ../GameManager.m; sourceTree = "<group>"; };
		D96E69951927DD98001CFEBC /* FlappyRewind.app */ = {isa = PBXFileReference; explicitFileType = wrapper.application; includeInIndex = 0; path = FlappyRewind.app; sourceTree = BUILT_PRODUCTS_DIR; };
		D96E69981927DD98001CFEBC /* Foundation.framework */ = {isa = PBXFileReference; lastKnownFileType = wrapper.framework; name = Foundation.framework; path = System/Library/Frameworks/Foundation.framework; sourceTree = SDKROOT; };
		D96E699A1927DD98001CFEBC /* CoreGraphics.framework */ = {isa = PBXFileReference; lastKnownFileType = wrapper.framework; name = CoreGraphics.framework; path = System/Library/Frameworks/CoreGraphics.framework; sourceTree = SDKROOT; };
		D96E699C1927DD98001CFEBC /* UIKit.framework */ = {isa = PBXFileReference; lastKnownFileType = wrapper.framework; name = UIKit.framework; path = System/Library/Frameworks/UIKit.framework; sourceTree = SDKROOT; };
		D96E69A01927DD98001CFEBC /* FlappyRewind-Info.plist */ = {isa = PBXFileReference; lastKnownFileType = text.plist.xml; path = "FlappyRewind-Info.plist"; sourceTree = "<group>"; };
		D96E69A21927DD98001CFEBC /* en */ = {isa = PBXFileReference; lastKnownFileType = text.plist.strings; name = en; path = en.lproj/InfoPlist.strings; sourceTree = "<group>"; };
		D96E69A41927DD98001CFEBC /* main.m */ = {isa = PBXFileReference; lastKnownFileType = sourcecode.c.objc; path = main.m; sourceTree = "<group>"; };
		D96E69A61927DD98001CFEBC /* FlappyRewind-Prefix.pch */ = {isa = PBXFileReference; lastKnownFileType = sourcecode.c.h; path = "FlappyRewind-Prefix.pch"; sourceTree = "<group>"; };
		D96E69A71927DD98001CFEBC /* AppDelegate.h */ = {isa = PBXFileReference; lastKnownFileType = sourcecode.c.h; path = AppDelegate.h; sourceTree = "<group>"; };
		D96E69A81927DD98001CFEBC /* AppDelegate.m */ = {isa = PBXFileReference; lastKnownFileType = sourcecode.c.objc; path = AppDelegate.m; sourceTree = "<group>"; };
		D96E69AB1927DD98001CFEBC /* Base */ = {isa = PBXFileReference; lastKnownFileType = file.storyboard; name = Base; path = Base.lproj/Main.storyboard; sourceTree = "<group>"; };
		D96E69B01927DD98001CFEBC /* Images.xcassets */ = {isa = PBXFileReference; lastKnownFileType = folder.assetcatalog; path = Images.xcassets; sourceTree = "<group>"; };
		D96E69B61927DD98001CFEBC /* FlappyRewindTests.xctest */ = {isa = PBXFileReference; explicitFileType = wrapper.cfbundle; includeInIndex = 0; path = FlappyRewindTests.xctest; sourceTree = BUILT_PRODUCTS_DIR; };
		D96E69B71927DD98001CFEBC /* XCTest.framework */ = {isa = PBXFileReference; lastKnownFileType = wrapper.framework; name = XCTest.framework; path = Library/Frameworks/XCTest.framework; sourceTree = DEVELOPER_DIR; };
		D96E69BF1927DD98001CFEBC /* FlappyRewindTests-Info.plist */ = {isa = PBXFileReference; lastKnownFileType = text.plist.xml; path = "FlappyRewindTests-Info.plist"; sourceTree = "<group>"; };
		D96E69C11927DD98001CFEBC /* en */ = {isa = PBXFileReference; lastKnownFileType = text.plist.strings; name = en; path = en.lproj/InfoPlist.strings; sourceTree = "<group>"; };
		D96E69C31927DD98001CFEBC /* FlappyRewindTests.m */ = {isa = PBXFileReference; lastKnownFileType = sourcecode.c.objc; path = FlappyRewindTests.m; sourceTree = "<group>"; };
		D96E69CD1927DE03001CFEBC /* GameViewController.h */ = {isa = PBXFileReference; fileEncoding = 4; lastKnownFileType = sourcecode.c.h; path = GameViewController.h; sourceTree = "<group>"; };
		D96E69CE1927DE03001CFEBC /* GameViewController.m */ = {isa = PBXFileReference; fileEncoding = 4; lastKnownFileType = sourcecode.c.objc; path = GameViewController.m; sourceTree = "<group>"; };
		D96E69D31927E2F9001CFEBC /* mainback.png */ = {isa = PBXFileReference; lastKnownFileType = image.png; path = mainback.png; sourceTree = "<group>"; };
		D96E69E0192868B0001CFEBC /* barobjects.png */ = {isa = PBXFileReference; lastKnownFileType = image.png; path = barobjects.png; sourceTree = "<group>"; };
		D96E69EE192993B5001CFEBC /* highscore.png */ = {isa = PBXFileReference; lastKnownFileType = image.png; path = highscore.png; sourceTree = "<group>"; };
		D96E69F1192C5537001CFEBC /* gameover.png */ = {isa = PBXFileReference; lastKnownFileType = image.png; path = gameover.png; sourceTree = "<group>"; };
		D96E69FA192D7519001CFEBC /* RewindGameViewController.h */ = {isa = PBXFileReference; fileEncoding = 4; lastKnownFileType = sourcecode.c.h; path = RewindGameViewController.h; sourceTree = "<group>"; };
		D96E69FB192D7519001CFEBC /* RewindGameViewController.m */ = {isa = PBXFileReference; fileEncoding = 4; lastKnownFileType = sourcecode.c.objc; path = RewindGameViewController.m; sourceTree = "<group>"; };
		D96F418B193D6A310007C420 /* HomeViewController.h */ = {isa = PBXFileReference; fileEncoding = 4; lastKnownFileType = sourcecode.c.h; path = HomeViewController.h; sourceTree = "<group>"; };
		D96F418C193D6A310007C420 /* HomeViewController.m */ = {isa = PBXFileReference; fileEncoding = 4; lastKnownFileType = sourcecode.c.objc; path = HomeViewController.m; sourceTree = "<group>"; };
		D96F4194194020C60007C420 /* gameback.png */ = {isa = PBXFileReference; lastKnownFileType = image.png; path = gameback.png; sourceTree = "<group>"; };
		D96F41961941729C0007C420 /* lowscore.png */ = {isa = PBXFileReference; lastKnownFileType = image.png; path = lowscore.png; sourceTree = "<group>"; };
		D96F4198194173D80007C420 /* difficulty.png */ = {isa = PBXFileReference; lastKnownFileType = image.png; name = difficulty.png; path = ../difficulty.png; sourceTree = "<group>"; };
		D96F419D194173D80007C420 /* invertgravitylabel.png */ = {isa = PBXFileReference; lastKnownFileType = image.png; name = invertgravitylabel.png; path = ../invertgravitylabel.png; sourceTree = "<group>"; };
		D96F419F194173D80007C420 /* settingsback.png */ = {isa = PBXFileReference; lastKnownFileType = image.png; name = settingsback.png; path = ../settingsback.png; sourceTree = "<group>"; };
		D96F41A0194173D80007C420 /* settingsbutton.png */ = {isa = PBXFileReference; lastKnownFileType = image.png; name = settingsbutton.png; path = ../settingsbutton.png; sourceTree = "<group>"; };
		D96F41AA1942A5550007C420 /* easy-greenbutton.png */ = {isa = PBXFileReference; lastKnownFileType = image.png; name = "easy-greenbutton.png"; path = "../easy-greenbutton.png"; sourceTree = "<group>"; };
		D96F41AB1942A5550007C420 /* easy-yellowbutton.png */ = {isa = PBXFileReference; lastKnownFileType = image.png; name = "easy-yellowbutton.png"; path = "../easy-yellowbutton.png"; sourceTree = "<group>"; };
		D96F41AC1942A5550007C420 /* hard-greenbutton.png */ = {isa = PBXFileReference; lastKnownFileType = image.png; name = "hard-greenbutton.png"; path = "../hard-greenbutton.png"; sourceTree = "<group>"; };
		D96F41AD1942A5550007C420 /* hard-yellowbutton.png */ = {isa = PBXFileReference; lastKnownFileType = image.png; name = "hard-yellowbutton.png"; path = "../hard-yellowbutton.png"; sourceTree = "<group>"; };
		D96F41AE1942A5550007C420 /* medium-greenbutton.png */ = {isa = PBXFileReference; lastKnownFileType = image.png; name = "medium-greenbutton.png"; path = "../medium-greenbutton.png"; sourceTree = "<group>"; };
		D96F41AF1942A5550007C420 /* medium-yellowbutton.png */ = {isa = PBXFileReference; lastKnownFileType = image.png; name = "medium-yellowbutton.png"; path = "../medium-yellowbutton.png"; sourceTree = "<group>"; };
		D96F41B61942A6A30007C420 /* homebutton.png */ = {isa = PBXFileReference; lastKnownFileType = image.png; name = homebutton.png; path = ../homebutton.png; sourceTree = "<group>"; };
		D96F41B81942A8850007C420 /* forwardbutton.png */ = {isa = PBXFileReference; lastKnownFileType = image.png; name = forwardbutton.png; path = ../forwardbutton.png; sourceTree = "<group>"; };
		D96F41B91942A8850007C420 /* rewindbutton.png */ = {isa = PBXFileReference; lastKnownFileType = image.png; name = rewindbutton.png; path = ../rewindbutton.png; sourceTree = "<group>"; };
		D96F41BC1942A8F20007C420 /* retrybutton.png */ = {isa = PBXFileReference; lastKnownFileType = image.png; path = retrybutton.png; sourceTree = "<group>"; };
		D96F41BE1942A9CA0007C420 /* startbutton.png */ = {isa = PBXFileReference; lastKnownFileType = image.png; name = startbutton.png; path = ../startbutton.png; sourceTree = "<group>"; };
		D96F41C01942AEA10007C420 /* homebutton1.png */ = {isa = PBXFileReference; lastKnownFileType = image.png; path = homebutton1.png; sourceTree = "<group>"; };
		D9CAE9A0193234DF00FD3E78 /* RewindSettingsViewController.h */ = {isa = PBXFileReference; fileEncoding = 4; lastKnownFileType = sourcecode.c.h; path = RewindSettingsViewController.h; sourceTree = "<group>"; };
		D9CAE9A1193234DF00FD3E78 /* RewindSettingsViewController.m */ = {isa = PBXFileReference; fileEncoding = 4; lastKnownFileType = sourcecode.c.objc; path = RewindSettingsViewController.m; sourceTree = "<group>"; };
		D9CAE9A31932352100FD3E78 /* GameSettingsViewController.h */ = {isa = PBXFileReference; fileEncoding = 4; lastKnownFileType = sourcecode.c.h; path = GameSettingsViewController.h; sourceTree = "<group>"; };
		D9CAE9A41932352100FD3E78 /* GameSettingsViewController.m */ = {isa = PBXFileReference; fileEncoding = 4; lastKnownFileType = sourcecode.c.objc; path = GameSettingsViewController.m; sourceTree = "<group>"; };
		D9FBF3AD1942CDE900B36CCB /* objectgreenbottom.png */ = {isa = PBXFileReference; lastKnownFileType = image.png; path = objectgreenbottom.png; sourceTree = "<group>"; };
		D9FBF3AE1942CDE900B36CCB /* objectgreenbottom1.png */ = {isa = PBXFileReference; lastKnownFileType = image.png; path = objectgreenbottom1.png; sourceTree = "<group>"; };
		D9FBF3AF1942CDE900B36CCB /* objectgreentop.png */ = {isa = PBXFileReference; lastKnownFileType = image.png; path = objectgreentop.png; sourceTree = "<group>"; };
		D9FBF3B01942CDE900B36CCB /* objectgreentop1.png */ = {isa = PBXFileReference; lastKnownFileType = image.png; path = objectgreentop1.png; sourceTree = "<group>"; };
		D9FBF3B11942CDE900B36CCB /* objectyellowbottom.png */ = {isa = PBXFileReference; lastKnownFileType = image.png; path = objectyellowbottom.png; sourceTree = "<group>"; };
		D9FBF3B21942CDE900B36CCB /* objectyellowbottom1.png */ = {isa = PBXFileReference; lastKnownFileType = image.png; path = objectyellowbottom1.png; sourceTree = "<group>"; };
		D9FBF3B31942CDE900B36CCB /* objectyellowtop.png */ = {isa = PBXFileReference; lastKnownFileType = image.png; path = objectyellowtop.png; sourceTree = "<group>"; };
		D9FBF3B41942CDE900B36CCB /* objectyellowtop1.png */ = {isa = PBXFileReference; lastKnownFileType = image.png; path = objectyellowtop1.png; sourceTree = "<group>"; };
		D9FBF3BD1943EB9D00B36CCB /* easy-greenscore.png */ = {isa = PBXFileReference; lastKnownFileType = image.png; path = "easy-greenscore.png"; sourceTree = "<group>"; };
		D9FBF3BE1943EB9D00B36CCB /* easy-yellowscore.png */ = {isa = PBXFileReference; lastKnownFileType = image.png; path = "easy-yellowscore.png"; sourceTree = "<group>"; };
		D9FBF3BF1943EB9D00B36CCB /* hard-greenscore.png */ = {isa = PBXFileReference; lastKnownFileType = image.png; path = "hard-greenscore.png"; sourceTree = "<group>"; };
		D9FBF3C01943EB9D00B36CCB /* hard-yellowscore.png */ = {isa = PBXFileReference; lastKnownFileType = image.png; path = "hard-yellowscore.png"; sourceTree = "<group>"; };
		D9FBF3C11943EB9D00B36CCB /* medium-greenscore.png */ = {isa = PBXFileReference; lastKnownFileType = image.png; path = "medium-greenscore.png"; sourceTree = "<group>"; };
		D9FBF3C21943EB9D00B36CCB /* medium-yellowscore.png */ = {isa = PBXFileReference; lastKnownFileType = image.png; path = "medium-yellowscore.png"; sourceTree = "<group>"; };
		D9FBF3C91944089E00B36CCB /* flappyLargeDown.png */ = {isa = PBXFileReference; lastKnownFileType = image.png; path = flappyLargeDown.png; sourceTree = "<group>"; };
		D9FBF3CA1944089E00B36CCB /* flappyLargeUp.png */ = {isa = PBXFileReference; lastKnownFileType = image.png; path = flappyLargeUp.png; sourceTree = "<group>"; };
		D9FBF3CD1945368500B36CCB /* flappyLargeLeftDown.png */ = {isa = PBXFileReference; lastKnownFileType = image.png; path = flappyLargeLeftDown.png; sourceTree = "<group>"; };
		D9FBF3CE1945368500B36CCB /* flappyLargeLeftUp.png */ = {isa = PBXFileReference; lastKnownFileType = image.png; path = flappyLargeLeftUp.png; sourceTree = "<group>"; };
		D9FBF3D11945521400B36CCB /* magneticfloorlabel.png */ = {isa = PBXFileReference; lastKnownFileType = image.png; path = magneticfloorlabel.png; sourceTree = "<group>"; };
		D9FBF3D319455C3B00B36CCB /* scoreborder.png */ = {isa = PBXFileReference; lastKnownFileType = image.png; path = scoreborder.png; sourceTree = "<group>"; };
		D9FBF3D51946923000B36CCB /* iAd.framework */ = {isa = PBXFileReference; lastKnownFileType = wrapper.framework; name = iAd.framework; path = System/Library/Frameworks/iAd.framework; sourceTree = SDKROOT; };
		D9FBF3E51949645900B36CCB /* AVFoundation.framework */ = {isa = PBXFileReference; lastKnownFileType = wrapper.framework; name = AVFoundation.framework; path = System/Library/Frameworks/AVFoundation.framework; sourceTree = SDKROOT; };
		D9FBF3E71949658E00B36CCB /* flappyRewind.wav */ = {isa = PBXFileReference; lastKnownFileType = audio.wav; name = flappyRewind.wav; path = ../../../Downloads/flappyRewind.wav; sourceTree = "<group>"; };
		D9FBF3F2194D211600B36CCB /* increasespeedlabel.png */ = {isa = PBXFileReference; lastKnownFileType = image.png; path = increasespeedlabel.png; sourceTree = "<group>"; };
		D9FBF3F4194D213100B36CCB /* fastbirdylabel.png */ = {isa = PBXFileReference; lastKnownFileType = image.png; path = fastbirdylabel.png; sourceTree = "<group>"; };
		D9FBF3F6194D214500B36CCB /* forwardscore.png */ = {isa = PBXFileReference; lastKnownFileType = image.png; path = forwardscore.png; sourceTree = "<group>"; };
/* End PBXFileReference section */

/* Begin PBXFrameworksBuildPhase section */
		D96E69921927DD98001CFEBC /* Frameworks */ = {
			isa = PBXFrameworksBuildPhase;
			buildActionMask = 2147483647;
			files = (
				D9FBF3E61949645900B36CCB /* AVFoundation.framework in Frameworks */,
				D9FBF3D61946923000B36CCB /* iAd.framework in Frameworks */,
				D96E699B1927DD98001CFEBC /* CoreGraphics.framework in Frameworks */,
				D96E699D1927DD98001CFEBC /* UIKit.framework in Frameworks */,
				D96E69991927DD98001CFEBC /* Foundation.framework in Frameworks */,
			);
			runOnlyForDeploymentPostprocessing = 0;
		};
		D96E69B31927DD98001CFEBC /* Frameworks */ = {
			isa = PBXFrameworksBuildPhase;
			buildActionMask = 2147483647;
			files = (
				D96E69B81927DD98001CFEBC /* XCTest.framework in Frameworks */,
				D96E69BA1927DD98001CFEBC /* UIKit.framework in Frameworks */,
				D96E69B91927DD98001CFEBC /* Foundation.framework in Frameworks */,
			);
			runOnlyForDeploymentPostprocessing = 0;
		};
/* End PBXFrameworksBuildPhase section */

/* Begin PBXGroup section */
		D96E698C1927DD98001CFEBC = {
			isa = PBXGroup;
			children = (
				D96E699E1927DD98001CFEBC /* FlappyRewind */,
				D96E69BD1927DD98001CFEBC /* FlappyRewindTests */,
				D96E69971927DD98001CFEBC /* Frameworks */,
				D96E69961927DD98001CFEBC /* Products */,
			);
			sourceTree = "<group>";
		};
		D96E69961927DD98001CFEBC /* Products */ = {
			isa = PBXGroup;
			children = (
				D96E69951927DD98001CFEBC /* FlappyRewind.app */,
				D96E69B61927DD98001CFEBC /* FlappyRewindTests.xctest */,
			);
			name = Products;
			sourceTree = "<group>";
		};
		D96E69971927DD98001CFEBC /* Frameworks */ = {
			isa = PBXGroup;
			children = (
				D9FBF3E51949645900B36CCB /* AVFoundation.framework */,
				D9FBF3D51946923000B36CCB /* iAd.framework */,
				D96E69981927DD98001CFEBC /* Foundation.framework */,
				D96E699A1927DD98001CFEBC /* CoreGraphics.framework */,
				D96E699C1927DD98001CFEBC /* UIKit.framework */,
				D96E69B71927DD98001CFEBC /* XCTest.framework */,
			);
			name = Frameworks;
			sourceTree = "<group>";
		};
		D96E699E1927DD98001CFEBC /* FlappyRewind */ = {
			isa = PBXGroup;
			children = (
				D96E69A71927DD98001CFEBC /* AppDelegate.h */,
				D96E69A81927DD98001CFEBC /* AppDelegate.m */,
				D96E69AA1927DD98001CFEBC /* Main.storyboard */,
				D96E69FA192D7519001CFEBC /* RewindGameViewController.h */,
				D96E69FB192D7519001CFEBC /* RewindGameViewController.m */,
				D9CAE9A0193234DF00FD3E78 /* RewindSettingsViewController.h */,
				D9CAE9A1193234DF00FD3E78 /* RewindSettingsViewController.m */,
				D94B78171938022900029423 /* GameManager.h */,
				D94B78181938022900029423 /* GameManager.m */,
				D96F418B193D6A310007C420 /* HomeViewController.h */,
				D96F418C193D6A310007C420 /* HomeViewController.m */,
				D96E69CD1927DE03001CFEBC /* GameViewController.h */,
				D96E69CE1927DE03001CFEBC /* GameViewController.m */,
				D9CAE9A31932352100FD3E78 /* GameSettingsViewController.h */,
				D9CAE9A41932352100FD3E78 /* GameSettingsViewController.m */,
				D96E69B01927DD98001CFEBC /* Images.xcassets */,
				D96E699F1927DD98001CFEBC /* Supporting Files */,
			);
			path = FlappyRewind;
			sourceTree = "<group>";
		};
		D96E699F1927DD98001CFEBC /* Supporting Files */ = {
			isa = PBXGroup;
			children = (
				D9FBF3E71949658E00B36CCB /* flappyRewind.wav */,
				D9FBF3F6194D214500B36CCB /* forwardscore.png */,
				D9FBF3F4194D213100B36CCB /* fastbirdylabel.png */,
				D9FBF3F2194D211600B36CCB /* increasespeedlabel.png */,
				D92AB9BB194FC0A2008513F7 /* rewindscore.png */,
				D92AB9B9194FC06A008513F7 /* launchscreen640x1136.png */,
				D9FBF3D319455C3B00B36CCB /* scoreborder.png */,
				D9FBF3C91944089E00B36CCB /* flappyLargeDown.png */,
				D9FBF3CA1944089E00B36CCB /* flappyLargeUp.png */,
				D9FBF3CD1945368500B36CCB /* flappyLargeLeftDown.png */,
				D9FBF3CE1945368500B36CCB /* flappyLargeLeftUp.png */,
				D9FBF3BD1943EB9D00B36CCB /* easy-greenscore.png */,
				D9FBF3BE1943EB9D00B36CCB /* easy-yellowscore.png */,
				D9FBF3BF1943EB9D00B36CCB /* hard-greenscore.png */,
				D9FBF3C01943EB9D00B36CCB /* hard-yellowscore.png */,
				D9FBF3C11943EB9D00B36CCB /* medium-greenscore.png */,
				D9FBF3C21943EB9D00B36CCB /* medium-yellowscore.png */,
				D96F41B61942A6A30007C420 /* homebutton.png */,
				D96F41C01942AEA10007C420 /* homebutton1.png */,
				D96F41BE1942A9CA0007C420 /* startbutton.png */,
				D96F41BC1942A8F20007C420 /* retrybutton.png */,
				D96F4198194173D80007C420 /* difficulty.png */,
				D9FBF3D11945521400B36CCB /* magneticfloorlabel.png */,
				D96F41B81942A8850007C420 /* forwardbutton.png */,
				D96F41B91942A8850007C420 /* rewindbutton.png */,
				D96F41AA1942A5550007C420 /* easy-greenbutton.png */,
				D96F41AB1942A5550007C420 /* easy-yellowbutton.png */,
				D96F41AC1942A5550007C420 /* hard-greenbutton.png */,
				D96F41AD1942A5550007C420 /* hard-yellowbutton.png */,
				D96F41AE1942A5550007C420 /* medium-greenbutton.png */,
				D96F41AF1942A5550007C420 /* medium-yellowbutton.png */,
				D96F419D194173D80007C420 /* invertgravitylabel.png */,
				D96F419F194173D80007C420 /* settingsback.png */,
				D96F41A0194173D80007C420 /* settingsbutton.png */,
				D96F4194194020C60007C420 /* gameback.png */,
				D96E69F1192C5537001CFEBC /* gameover.png */,
				D96E69EE192993B5001CFEBC /* highscore.png */,
				D96F41961941729C0007C420 /* lowscore.png */,
				D9FBF3AD1942CDE900B36CCB /* objectgreenbottom.png */,
				D9FBF3AE1942CDE900B36CCB /* objectgreenbottom1.png */,
				D9FBF3AF1942CDE900B36CCB /* objectgreentop.png */,
				D9FBF3B01942CDE900B36CCB /* objectgreentop1.png */,
				D9FBF3B11942CDE900B36CCB /* objectyellowbottom.png */,
				D9FBF3B21942CDE900B36CCB /* objectyellowbottom1.png */,
				D9FBF3B31942CDE900B36CCB /* objectyellowtop.png */,
				D9FBF3B41942CDE900B36CCB /* objectyellowtop1.png */,
				D96E69E0192868B0001CFEBC /* barobjects.png */,
				D96E69D31927E2F9001CFEBC /* mainback.png */,
				D96E69A01927DD98001CFEBC /* FlappyRewind-Info.plist */,
				D96E69A11927DD98001CFEBC /* InfoPlist.strings */,
				D96E69A41927DD98001CFEBC /* main.m */,
				D96E69A61927DD98001CFEBC /* FlappyRewind-Prefix.pch */,
			);
			name = "Supporting Files";
			sourceTree = "<group>";
		};
		D96E69BD1927DD98001CFEBC /* FlappyRewindTests */ = {
			isa = PBXGroup;
			children = (
				D96E69C31927DD98001CFEBC /* FlappyRewindTests.m */,
				D96E69BE1927DD98001CFEBC /* Supporting Files */,
			);
			path = FlappyRewindTests;
			sourceTree = "<group>";
		};
		D96E69BE1927DD98001CFEBC /* Supporting Files */ = {
			isa = PBXGroup;
			children = (
				D96E69BF1927DD98001CFEBC /* FlappyRewindTests-Info.plist */,
				D96E69C01927DD98001CFEBC /* InfoPlist.strings */,
			);
			name = "Supporting Files";
			sourceTree = "<group>";
		};
/* End PBXGroup section */

/* Begin PBXNativeTarget section */
		D96E69941927DD98001CFEBC /* FlappyRewind */ = {
			isa = PBXNativeTarget;
			buildConfigurationList = D96E69C71927DD98001CFEBC /* Build configuration list for PBXNativeTarget "FlappyRewind" */;
			buildPhases = (
				D96E69911927DD98001CFEBC /* Sources */,
				D96E69921927DD98001CFEBC /* Frameworks */,
				D96E69931927DD98001CFEBC /* Resources */,
			);
			buildRules = (
			);
			dependencies = (
			);
			name = FlappyRewind;
			productName = FlappyRewind;
			productReference = D96E69951927DD98001CFEBC /* FlappyRewind.app */;
			productType = "com.apple.product-type.application";
		};
		D96E69B51927DD98001CFEBC /* FlappyRewindTests */ = {
			isa = PBXNativeTarget;
			buildConfigurationList = D96E69CA1927DD98001CFEBC /* Build configuration list for PBXNativeTarget "FlappyRewindTests" */;
			buildPhases = (
				D96E69B21927DD98001CFEBC /* Sources */,
				D96E69B31927DD98001CFEBC /* Frameworks */,
				D96E69B41927DD98001CFEBC /* Resources */,
			);
			buildRules = (
			);
			dependencies = (
				D96E69BC1927DD98001CFEBC /* PBXTargetDependency */,
			);
			name = FlappyRewindTests;
			productName = FlappyRewindTests;
			productReference = D96E69B61927DD98001CFEBC /* FlappyRewindTests.xctest */;
			productType = "com.apple.product-type.bundle.unit-test";
		};
/* End PBXNativeTarget section */

/* Begin PBXProject section */
		D96E698D1927DD98001CFEBC /* Project object */ = {
			isa = PBXProject;
			attributes = {
				LastUpgradeCheck = 0510;
				ORGANIZATIONNAME = dougdykstra;
				TargetAttributes = {
					D96E69941927DD98001CFEBC = {
						DevelopmentTeam = 4M6J96V38K;
					};
					D96E69B51927DD98001CFEBC = {
						TestTargetID = D96E69941927DD98001CFEBC;
					};
				};
			};
			buildConfigurationList = D96E69901927DD98001CFEBC /* Build configuration list for PBXProject "FlappyRewind" */;
			compatibilityVersion = "Xcode 3.2";
			developmentRegion = English;
			hasScannedForEncodings = 0;
			knownRegions = (
				en,
				Base,
			);
			mainGroup = D96E698C1927DD98001CFEBC;
			productRefGroup = D96E69961927DD98001CFEBC /* Products */;
			projectDirPath = "";
			projectRoot = "";
			targets = (
				D96E69941927DD98001CFEBC /* FlappyRewind */,
				D96E69B51927DD98001CFEBC /* FlappyRewindTests */,
			);
		};
/* End PBXProject section */

/* Begin PBXResourcesBuildPhase section */
		D96E69931927DD98001CFEBC /* Resources */ = {
			isa = PBXResourcesBuildPhase;
			buildActionMask = 2147483647;
			files = (
				D96F41B11942A5550007C420 /* easy-yellowbutton.png in Resources */,
				D96F41BA1942A8850007C420 /* forwardbutton.png in Resources */,
				D96E69D81927E2F9001CFEBC /* mainback.png in Resources */,
				D9FBF3D01945368500B36CCB /* flappyLargeLeftUp.png in Resources */,
				D9FBF3C61943EB9D00B36CCB /* hard-yellowscore.png in Resources */,
				D9FBF3D21945521400B36CCB /* magneticfloorlabel.png in Resources */,
				D9FBF3C31943EB9D00B36CCB /* easy-greenscore.png in Resources */,
				D96E69B11927DD98001CFEBC /* Images.xcassets in Resources */,
				D96F41BB1942A8850007C420 /* rewindbutton.png in Resources */,
				D9FBF3BC1942CDE900B36CCB /* objectyellowtop1.png in Resources */,
				D96F41B31942A5550007C420 /* hard-yellowbutton.png in Resources */,
				D96F41A1194173D80007C420 /* difficulty.png in Resources */,
				D9FBF3BB1942CDE900B36CCB /* objectyellowtop.png in Resources */,
				D96F41B41942A5550007C420 /* medium-greenbutton.png in Resources */,
				D9FBF3CB1944089E00B36CCB /* flappyLargeDown.png in Resources */,
				D96F41BF1942A9CA0007C420 /* startbutton.png in Resources */,
				D96F4195194020C60007C420 /* gameback.png in Resources */,
				D96E69E1192868B0001CFEBC /* barobjects.png in Resources */,
				D9FBF3F7194D214500B36CCB /* forwardscore.png in Resources */,
				D92AB9BC194FC0A2008513F7 /* rewindscore.png in Resources */,
				D96E69A31927DD98001CFEBC /* InfoPlist.strings in Resources */,
				D9FBF3B51942CDE900B36CCB /* objectgreenbottom.png in Resources */,
				D96F41B51942A5550007C420 /* medium-yellowbutton.png in Resources */,
				D96F41A8194173D80007C420 /* settingsback.png in Resources */,
				D9FBF3E81949658E00B36CCB /* flappyRewind.wav in Resources */,
				D9FBF3D419455C3B00B36CCB /* scoreborder.png in Resources */,
				D96F41A9194173D80007C420 /* settingsbutton.png in Resources */,
				D9FBF3B81942CDE900B36CCB /* objectgreentop1.png in Resources */,
				D96F41BD1942A8F20007C420 /* retrybutton.png in Resources */,
				D9FBF3CF1945368500B36CCB /* flappyLargeLeftDown.png in Resources */,
				D96E69F3192C5537001CFEBC /* gameover.png in Resources */,
				D92AB9BA194FC06A008513F7 /* launchscreen640x1136.png in Resources */,
				D96F41B21942A5550007C420 /* hard-greenbutton.png in Resources */,
				D96E69EF192993B5001CFEBC /* highscore.png in Resources */,
				D9FBF3CC1944089E00B36CCB /* flappyLargeUp.png in Resources */,
				D9FBF3BA1942CDE900B36CCB /* objectyellowbottom1.png in Resources */,
				D96F41971941729C0007C420 /* lowscore.png in Resources */,
				D9FBF3B71942CDE900B36CCB /* objectgreentop.png in Resources */,
				D9FBF3C81943EB9D00B36CCB /* medium-yellowscore.png in Resources */,
				D96F41B01942A5550007C420 /* easy-greenbutton.png in Resources */,
				D9FBF3B61942CDE900B36CCB /* objectgreenbottom1.png in Resources */,
				D96F41B71942A6A30007C420 /* homebutton.png in Resources */,
				D9FBF3C71943EB9D00B36CCB /* medium-greenscore.png in Resources */,
				D96F41C11942AEA10007C420 /* homebutton1.png in Resources */,
				D96E69AC1927DD98001CFEBC /* Main.storyboard in Resources */,
				D9FBF3C51943EB9D00B36CCB /* hard-greenscore.png in Resources */,
				D96F41A6194173D80007C420 /* invertgravitylabel.png in Resources */,
				D9FBF3C41943EB9D00B36CCB /* easy-yellowscore.png in Resources */,
				D9FBF3F5194D213100B36CCB /* fastbirdylabel.png in Resources */,
				D9FBF3F3194D211600B36CCB /* increasespeedlabel.png in Resources */,
				D9FBF3B91942CDE900B36CCB /* objectyellowbottom.png in Resources */,
			);
			runOnlyForDeploymentPostprocessing = 0;
		};
		D96E69B41927DD98001CFEBC /* Resources */ = {
			isa = PBXResourcesBuildPhase;
			buildActionMask = 2147483647;
			files = (
				D96E69C21927DD98001CFEBC /* InfoPlist.strings in Resources */,
			);
			runOnlyForDeploymentPostprocessing = 0;
		};
/* End PBXResourcesBuildPhase section */

/* Begin PBXSourcesBuildPhase section */
		D96E69911927DD98001CFEBC /* Sources */ = {
			isa = PBXSourcesBuildPhase;
			buildActionMask = 2147483647;
			files = (
				D96E69CF1927DE03001CFEBC /* GameViewController.m in Sources */,
				D96F418D193D6A310007C420 /* HomeViewController.m in Sources */,
				D9CAE9A51932352100FD3E78 /* GameSettingsViewController.m in Sources */,
				D9CAE9A2193234DF00FD3E78 /* RewindSettingsViewController.m in Sources */,
				D96E69A91927DD98001CFEBC /* AppDelegate.m in Sources */,
				D94B78191938022900029423 /* GameManager.m in Sources */,
				D96E69FC192D7519001CFEBC /* RewindGameViewController.m in Sources */,
				D96E69A51927DD98001CFEBC /* main.m in Sources */,
			);
			runOnlyForDeploymentPostprocessing = 0;
		};
		D96E69B21927DD98001CFEBC /* Sources */ = {
			isa = PBXSourcesBuildPhase;
			buildActionMask = 2147483647;
			files = (
				D96E69C41927DD98001CFEBC /* FlappyRewindTests.m in Sources */,
			);
			runOnlyForDeploymentPostprocessing = 0;
		};
/* End PBXSourcesBuildPhase section */

/* Begin PBXTargetDependency section */
		D96E69BC1927DD98001CFEBC /* PBXTargetDependency */ = {
			isa = PBXTargetDependency;
			target = D96E69941927DD98001CFEBC /* FlappyRewind */;
			targetProxy = D96E69BB1927DD98001CFEBC /* PBXContainerItemProxy */;
		};
/* End PBXTargetDependency section */

/* Begin PBXVariantGroup section */
		D96E69A11927DD98001CFEBC /* InfoPlist.strings */ = {
			isa = PBXVariantGroup;
			children = (
				D96E69A21927DD98001CFEBC /* en */,
			);
			name = InfoPlist.strings;
			sourceTree = "<group>";
		};
		D96E69AA1927DD98001CFEBC /* Main.storyboard */ = {
			isa = PBXVariantGroup;
			children = (
				D96E69AB1927DD98001CFEBC /* Base */,
			);
			name = Main.storyboard;
			sourceTree = "<group>";
		};
		D96E69C01927DD98001CFEBC /* InfoPlist.strings */ = {
			isa = PBXVariantGroup;
			children = (
				D96E69C11927DD98001CFEBC /* en */,
			);
			name = InfoPlist.strings;
			sourceTree = "<group>";
		};
/* End PBXVariantGroup section */

/* Begin XCBuildConfiguration section */
		D96E69C51927DD98001CFEBC /* Debug */ = {
			isa = XCBuildConfiguration;
			buildSettings = {
				ALWAYS_SEARCH_USER_PATHS = NO;
				CLANG_CXX_LANGUAGE_STANDARD = "gnu++0x";
				CLANG_CXX_LIBRARY = "libc++";
				CLANG_ENABLE_MODULES = YES;
				CLANG_ENABLE_OBJC_ARC = YES;
				CLANG_WARN_BOOL_CONVERSION = YES;
				CLANG_WARN_CONSTANT_CONVERSION = YES;
				CLANG_WARN_DIRECT_OBJC_ISA_USAGE = YES_ERROR;
				CLANG_WARN_EMPTY_BODY = YES;
				CLANG_WARN_ENUM_CONVERSION = YES;
				CLANG_WARN_INT_CONVERSION = YES;
				CLANG_WARN_OBJC_ROOT_CLASS = YES_ERROR;
				CLANG_WARN__DUPLICATE_METHOD_MATCH = YES;
				CODE_SIGN_IDENTITY = "iPhone Distribution: Douglas DYKSTRA (4M6J96V38K)";
				"CODE_SIGN_IDENTITY[sdk=iphoneos*]" = "iPhone Distribution: Douglas DYKSTRA (4M6J96V38K)";
				COPY_PHASE_STRIP = NO;
				GCC_C_LANGUAGE_STANDARD = gnu99;
				GCC_DYNAMIC_NO_PIC = NO;
				GCC_OPTIMIZATION_LEVEL = 0;
				GCC_PREPROCESSOR_DEFINITIONS = (
					"DEBUG=1",
					"$(inherited)",
				);
				GCC_SYMBOLS_PRIVATE_EXTERN = NO;
				GCC_WARN_64_TO_32_BIT_CONVERSION = YES;
				GCC_WARN_ABOUT_RETURN_TYPE = YES_ERROR;
				GCC_WARN_UNDECLARED_SELECTOR = YES;
				GCC_WARN_UNINITIALIZED_AUTOS = YES_AGGRESSIVE;
				GCC_WARN_UNUSED_FUNCTION = YES;
				GCC_WARN_UNUSED_VARIABLE = YES;
				IPHONEOS_DEPLOYMENT_TARGET = 7.1;
				ONLY_ACTIVE_ARCH = YES;
				PROVISIONING_PROFILE = "7F8991F8-0F1A-4401-B1A2-7BF1FAB9007D";
				SDKROOT = iphoneos;
			};
			name = Debug;
		};
		D96E69C61927DD98001CFEBC /* Release */ = {
			isa = XCBuildConfiguration;
			buildSettings = {
				ALWAYS_SEARCH_USER_PATHS = NO;
				CLANG_CXX_LANGUAGE_STANDARD = "gnu++0x";
				CLANG_CXX_LIBRARY = "libc++";
				CLANG_ENABLE_MODULES = YES;
				CLANG_ENABLE_OBJC_ARC = YES;
				CLANG_WARN_BOOL_CONVERSION = YES;
				CLANG_WARN_CONSTANT_CONVERSION = YES;
				CLANG_WARN_DIRECT_OBJC_ISA_USAGE = YES_ERROR;
				CLANG_WARN_EMPTY_BODY = YES;
				CLANG_WARN_ENUM_CONVERSION = YES;
				CLANG_WARN_INT_CONVERSION = YES;
				CLANG_WARN_OBJC_ROOT_CLASS = YES_ERROR;
				CLANG_WARN__DUPLICATE_METHOD_MATCH = YES;
				CODE_SIGN_IDENTITY = "iPhone Distribution: Douglas DYKSTRA (4M6J96V38K)";
				"CODE_SIGN_IDENTITY[sdk=iphoneos*]" = "iPhone Distribution: Douglas DYKSTRA (4M6J96V38K)";
				COPY_PHASE_STRIP = YES;
				ENABLE_NS_ASSERTIONS = NO;
				GCC_C_LANGUAGE_STANDARD = gnu99;
				GCC_WARN_64_TO_32_BIT_CONVERSION = YES;
				GCC_WARN_ABOUT_RETURN_TYPE = YES_ERROR;
				GCC_WARN_UNDECLARED_SELECTOR = YES;
				GCC_WARN_UNINITIALIZED_AUTOS = YES_AGGRESSIVE;
				GCC_WARN_UNUSED_FUNCTION = YES;
				GCC_WARN_UNUSED_VARIABLE = YES;
				IPHONEOS_DEPLOYMENT_TARGET = 7.1;
				PROVISIONING_PROFILE = "7F8991F8-0F1A-4401-B1A2-7BF1FAB9007D";
				SDKROOT = iphoneos;
				VALIDATE_PRODUCT = YES;
			};
			name = Release;
		};
		D96E69C81927DD98001CFEBC /* Debug */ = {
			isa = XCBuildConfiguration;
			buildSettings = {
				ASSETCATALOG_COMPILER_APPICON_NAME = AppIcon;
				ASSETCATALOG_COMPILER_LAUNCHIMAGE_NAME = LaunchImage;
				CODE_SIGN_IDENTITY = "iPhone Distribution: Douglas DYKSTRA (4M6J96V38K)";
				"CODE_SIGN_IDENTITY[sdk=iphoneos*]" = "iPhone Distribution: Douglas DYKSTRA (4M6J96V38K)";
				GCC_PRECOMPILE_PREFIX_HEADER = YES;
				GCC_PREFIX_HEADER = "FlappyRewind/FlappyRewind-Prefix.pch";
				INFOPLIST_FILE = "FlappyRewind/FlappyRewind-Info.plist";
				IPHONEOS_DEPLOYMENT_TARGET = 7.1;
				PRODUCT_NAME = "$(TARGET_NAME)";
				PROVISIONING_PROFILE = "7F8991F8-0F1A-4401-B1A2-7BF1FAB9007D";
				TARGETED_DEVICE_FAMILY = 1;
				WRAPPER_EXTENSION = app;
			};
			name = Debug;
		};
		D96E69C91927DD98001CFEBC /* Release */ = {
			isa = XCBuildConfiguration;
			buildSettings = {
				ASSETCATALOG_COMPILER_APPICON_NAME = AppIcon;
				ASSETCATALOG_COMPILER_LAUNCHIMAGE_NAME = LaunchImage;
				CODE_SIGN_IDENTITY = "iPhone Distribution: Douglas DYKSTRA (4M6J96V38K)";
				"CODE_SIGN_IDENTITY[sdk=iphoneos*]" = "iPhone Distribution: Douglas DYKSTRA (4M6J96V38K)";
				GCC_PRECOMPILE_PREFIX_HEADER = YES;
				GCC_PREFIX_HEADER = "FlappyRewind/FlappyRewind-Prefix.pch";
				INFOPLIST_FILE = "FlappyRewind/FlappyRewind-Info.plist";
				IPHONEOS_DEPLOYMENT_TARGET = 7.1;
				PRODUCT_NAME = "$(TARGET_NAME)";
				PROVISIONING_PROFILE = "7F8991F8-0F1A-4401-B1A2-7BF1FAB9007D";
				TARGETED_DEVICE_FAMILY = 1;
				WRAPPER_EXTENSION = app;
			};
			name = Release;
		};
		D96E69CB1927DD98001CFEBC /* Debug */ = {
			isa = XCBuildConfiguration;
			buildSettings = {
				BUNDLE_LOADER = "$(BUILT_PRODUCTS_DIR)/FlappyRewind.app/FlappyRewind";
				FRAMEWORK_SEARCH_PATHS = (
					"$(SDKROOT)/Developer/Library/Frameworks",
					"$(inherited)",
					"$(DEVELOPER_FRAMEWORKS_DIR)",
				);
				GCC_PRECOMPILE_PREFIX_HEADER = YES;
				GCC_PREFIX_HEADER = "FlappyRewind/FlappyRewind-Prefix.pch";
				GCC_PREPROCESSOR_DEFINITIONS = (
					"DEBUG=1",
					"$(inherited)",
				);
				INFOPLIST_FILE = "FlappyRewindTests/FlappyRewindTests-Info.plist";
				PRODUCT_NAME = "$(TARGET_NAME)";
				TEST_HOST = "$(BUNDLE_LOADER)";
				WRAPPER_EXTENSION = xctest;
			};
			name = Debug;
		};
		D96E69CC1927DD98001CFEBC /* Release */ = {
			isa = XCBuildConfiguration;
			buildSettings = {
				BUNDLE_LOADER = "$(BUILT_PRODUCTS_DIR)/FlappyRewind.app/FlappyRewind";
				FRAMEWORK_SEARCH_PATHS = (
					"$(SDKROOT)/Developer/Library/Frameworks",
					"$(inherited)",
					"$(DEVELOPER_FRAMEWORKS_DIR)",
				);
				GCC_PRECOMPILE_PREFIX_HEADER = YES;
				GCC_PREFIX_HEADER = "FlappyRewind/FlappyRewind-Prefix.pch";
				INFOPLIST_FILE = "FlappyRewindTests/FlappyRewindTests-Info.plist";
				PRODUCT_NAME = "$(TARGET_NAME)";
				TEST_HOST = "$(BUNDLE_LOADER)";
				WRAPPER_EXTENSION = xctest;
			};
			name = Release;
		};
/* End XCBuildConfiguration section */

/* Begin XCConfigurationList section */
		D96E69901927DD98001CFEBC /* Build configuration list for PBXProject "FlappyRewind" */ = {
			isa = XCConfigurationList;
			buildConfigurations = (
				D96E69C51927DD98001CFEBC /* Debug */,
				D96E69C61927DD98001CFEBC /* Release */,
			);
			defaultConfigurationIsVisible = 0;
			defaultConfigurationName = Release;
		};
		D96E69C71927DD98001CFEBC /* Build configuration list for PBXNativeTarget "FlappyRewind" */ = {
			isa = XCConfigurationList;
			buildConfigurations = (
				D96E69C81927DD98001CFEBC /* Debug */,
				D96E69C91927DD98001CFEBC /* Release */,
			);
			defaultConfigurationIsVisible = 0;
			defaultConfigurationName = Release;
		};
		D96E69CA1927DD98001CFEBC /* Build configuration list for PBXNativeTarget "FlappyRewindTests" */ = {
			isa = XCConfigurationList;
			buildConfigurations = (
				D96E69CB1927DD98001CFEBC /* Debug */,
				D96E69CC1927DD98001CFEBC /* Release */,
			);
			defaultConfigurationIsVisible = 0;
			defaultConfigurationName = Release;
		};
/* End XCConfigurationList section */
	};
	rootObject = D96E698D1927DD98001CFEBC /* Project object */;
}
